PODS:
  - Alamofire (4.5.1)
  - Kingfisher (4.2.0)
  - LFLiveKit (2.6)
  - MJRefresh (3.1.15)
  - ProtocolBuffers-Swift (4.0.0)
  - RxCocoa (4.0.0):
    - RxSwift (~> 4.0)
  - RxSwift (4.0.0)
  - SVProgressHUD (2.2.2)

DEPENDENCIES:
  - Alamofire
  - Kingfisher
  - LFLiveKit
  - MJRefresh
  - ProtocolBuffers-Swift
  - RxCocoa
  - RxSwift
  - SVProgressHUD

SPEC CHECKSUMS:
  Alamofire: 2d95912bf4c34f164fdfc335872e8c312acaea4a
  Kingfisher: 9ee7e788d8ba07c3f21ce0d43f33cec310a4f781
  LFLiveKit: 2219563721f8aa0f188effc3395a06e2d53b23f2
  MJRefresh: 9af70f5f9327a2cf87f0fb5929f35fcc2fa638ea
  ProtocolBuffers-Swift: 63669d103d82ee6315594d62ce67ec355c7d0f24
  RxCocoa: d62846ca96495d862fa4c59ea7d87e5031d7340e
  RxSwift: fd680d75283beb5e2559486f3c0ff852f0d35334
  SVProgressHUD: 59b2d3dabacbd051576d21d32293ca7228dc18b0

PODFILE CHECKSUM: ccc2da0f399f634d37ce55c514ae7338a8b3e7b5

COCOAPODS: 1.3.1
