// !$*UTF8*$!
{
	archiveVersion = 1;
	classes = {
	};
	objectVersion = 46;
	objects = {

/* Begin PBXBuildFile section */
		6A37601D1EC27B9600E4A7E6 /* types.plist in Resources */ = {isa = PBXBuildFile; fileRef = 6A37601C1EC27B9600E4A7E6 /* types.plist */; };
		6A3760251EC27CC400E4A7E6 /* BaseModel.swift in Sources */ = {isa = PBXBuildFile; fileRef = 6A3760221EC27CC400E4A7E6 /* BaseModel.swift */; };
		6A37602D1EC27CEC00E4A7E6 /* RoomViewController.xib in Resources */ = {isa = PBXBuildFile; fileRef = 6A3760281EC27CEC00E4A7E6 /* RoomViewController.xib */; };
		6A3760311EC27D3D00E4A7E6 /* KingfisherExtension.swift in Sources */ = {isa = PBXBuildFile; fileRef = 6A37602F1EC27D3D00E4A7E6 /* KingfisherExtension.swift */; };
		6A3760321EC27D3D00E4A7E6 /* NetworkTools.swift in Sources */ = {isa = PBXBuildFile; fileRef = 6A3760301EC27D3D00E4A7E6 /* NetworkTools.swift */; };
		6A37603A1EC27D7100E4A7E6 /* Const.swift in Sources */ = {isa = PBXBuildFile; fileRef = 6A3760341EC27D7100E4A7E6 /* Const.swift */; };
		6A3760401EC27DA200E4A7E6 /* NSDate-Extension.swift in Sources */ = {isa = PBXBuildFile; fileRef = 6A37603F1EC27DA200E4A7E6 /* NSDate-Extension.swift */; };
		6A37604C1EC27E0300E4A7E6 /* AnchorViewController.swift in Sources */ = {isa = PBXBuildFile; fileRef = 6A3760421EC27E0300E4A7E6 /* AnchorViewController.swift */; };
		6A37604D1EC27E0300E4A7E6 /* AnchorModel.swift in Sources */ = {isa = PBXBuildFile; fileRef = 6A3760441EC27E0300E4A7E6 /* AnchorModel.swift */; };
		6A37604E1EC27E0300E4A7E6 /* HomeType.swift in Sources */ = {isa = PBXBuildFile; fileRef = 6A3760451EC27E0300E4A7E6 /* HomeType.swift */; };
		6A37604F1EC27E0300E4A7E6 /* HomeViewCell.swift in Sources */ = {isa = PBXBuildFile; fileRef = 6A3760471EC27E0300E4A7E6 /* HomeViewCell.swift */; };
		6A3760501EC27E0300E4A7E6 /* HomeViewCell.xib in Resources */ = {isa = PBXBuildFile; fileRef = 6A3760481EC27E0300E4A7E6 /* HomeViewCell.xib */; };
		6A3760511EC27E0300E4A7E6 /* HomeViewModel.swift in Sources */ = {isa = PBXBuildFile; fileRef = 6A37604A1EC27E0300E4A7E6 /* HomeViewModel.swift */; };
		6A3760521EC27E0300E4A7E6 /* WaterfallLayout.swift in Sources */ = {isa = PBXBuildFile; fileRef = 6A37604B1EC27E0300E4A7E6 /* WaterfallLayout.swift */; };
		6A3760551EC27E1300E4A7E6 /* Home.storyboard in Resources */ = {isa = PBXBuildFile; fileRef = 6A3760531EC27E1300E4A7E6 /* Home.storyboard */; };
		6A3760561EC27E1300E4A7E6 /* HomeViewController.swift in Sources */ = {isa = PBXBuildFile; fileRef = 6A3760541EC27E1300E4A7E6 /* HomeViewController.swift */; };
		6A37605D1EC27E3F00E4A7E6 /* Rank.storyboard in Resources */ = {isa = PBXBuildFile; fileRef = 6A37605B1EC27E3F00E4A7E6 /* Rank.storyboard */; };
		6A37605E1EC27E3F00E4A7E6 /* RankViewController.swift in Sources */ = {isa = PBXBuildFile; fileRef = 6A37605C1EC27E3F00E4A7E6 /* RankViewController.swift */; };
		6A3760641EC27E6600E4A7E6 /* Discover.storyboard in Resources */ = {isa = PBXBuildFile; fileRef = 6A3760631EC27E6600E4A7E6 /* Discover.storyboard */; };
		6A37606A1EC27E8300E4A7E6 /* Profile.storyboard in Resources */ = {isa = PBXBuildFile; fileRef = 6A3760691EC27E8300E4A7E6 /* Profile.storyboard */; };
		6A5C10571E9E99540090446B /* AppDelegate.swift in Sources */ = {isa = PBXBuildFile; fileRef = 6A5C10561E9E99540090446B /* AppDelegate.swift */; };
		6A5C105C1E9E99540090446B /* Main.storyboard in Resources */ = {isa = PBXBuildFile; fileRef = 6A5C105A1E9E99540090446B /* Main.storyboard */; };
		6A5C105E1E9E99540090446B /* Assets.xcassets in Resources */ = {isa = PBXBuildFile; fileRef = 6A5C105D1E9E99540090446B /* Assets.xcassets */; };
		6A5C10611E9E99540090446B /* LaunchScreen.storyboard in Resources */ = {isa = PBXBuildFile; fileRef = 6A5C105F1E9E99540090446B /* LaunchScreen.storyboard */; };
		6A5C106C1E9E99540090446B /* GYJTVTests.swift in Sources */ = {isa = PBXBuildFile; fileRef = 6A5C106B1E9E99540090446B /* GYJTVTests.swift */; };
		6A5C10771E9E99540090446B /* GYJTVUITests.swift in Sources */ = {isa = PBXBuildFile; fileRef = 6A5C10761E9E99540090446B /* GYJTVUITests.swift */; };
		6A5C10961E9E99880090446B /* MainViewController.swift in Sources */ = {isa = PBXBuildFile; fileRef = 6A5C108D1E9E99880090446B /* MainViewController.swift */; };
		6A6134A31F029A8000B1820D /* libsqlite3.0.tbd in Frameworks */ = {isa = PBXBuildFile; fileRef = 6A6134A21F029A8000B1820D /* libsqlite3.0.tbd */; };
		6A6134A51F029A8900B1820D /* libz.tbd in Frameworks */ = {isa = PBXBuildFile; fileRef = 6A6134A41F029A8900B1820D /* libz.tbd */; };
		6A6134A71F029B4800B1820D /* FocusViewController.swift in Sources */ = {isa = PBXBuildFile; fileRef = 6A6134A61F029B4800B1820D /* FocusViewController.swift */; };
		6A6134A91F029B5C00B1820D /* FocusViewModel.swift in Sources */ = {isa = PBXBuildFile; fileRef = 6A6134A81F029B5C00B1820D /* FocusViewModel.swift */; };
		6A6134AD1F029B6F00B1820D /* FocusTableCell.swift in Sources */ = {isa = PBXBuildFile; fileRef = 6A6134AA1F029B6F00B1820D /* FocusTableCell.swift */; };
		6A6134AE1F029B6F00B1820D /* FocusTableCell.xib in Resources */ = {isa = PBXBuildFile; fileRef = 6A6134AB1F029B6F00B1820D /* FocusTableCell.xib */; };
		6A6134AF1F029B6F00B1820D /* ShadeView.swift in Sources */ = {isa = PBXBuildFile; fileRef = 6A6134AC1F029B6F00B1820D /* ShadeView.swift */; };
		6A6134B11F029C0D00B1820D /* RoomViewModel.swift in Sources */ = {isa = PBXBuildFile; fileRef = 6A6134B01F029C0D00B1820D /* RoomViewModel.swift */; };
		6A6134B31F029C6700B1820D /* SqliteTools.swift in Sources */ = {isa = PBXBuildFile; fileRef = 6A6134B21F029C6700B1820D /* SqliteTools.swift */; };
		6A6134B51F029C8400B1820D /* String-Extension.swift in Sources */ = {isa = PBXBuildFile; fileRef = 6A6134B41F029C8400B1820D /* String-Extension.swift */; };
		6A6134BA1F029CC600B1820D /* LivingViewController.swift in Sources */ = {isa = PBXBuildFile; fileRef = 6A6134B81F029CC600B1820D /* LivingViewController.swift */; };
		6A6134BB1F029CC600B1820D /* LivingViewController.xib in Resources */ = {isa = PBXBuildFile; fileRef = 6A6134B91F029CC600B1820D /* LivingViewController.xib */; };
		6A7CCD6D1EE44AFA0089447E /* TQJCollectionView.swift in Sources */ = {isa = PBXBuildFile; fileRef = 6A7CCD671EE44AFA0089447E /* TQJCollectionView.swift */; };
		6A7CCD6E1EE44AFA0089447E /* TQJContentView.swift in Sources */ = {isa = PBXBuildFile; fileRef = 6A7CCD681EE44AFA0089447E /* TQJContentView.swift */; };
		6A7CCD6F1EE44AFA0089447E /* TQJPageCollectionLayout.swift in Sources */ = {isa = PBXBuildFile; fileRef = 6A7CCD691EE44AFA0089447E /* TQJPageCollectionLayout.swift */; };
		6A7CCD701EE44AFA0089447E /* TQJPageView.swift in Sources */ = {isa = PBXBuildFile; fileRef = 6A7CCD6A1EE44AFA0089447E /* TQJPageView.swift */; };
		6A7CCD711EE44AFA0089447E /* TQJTitleStyle.swift in Sources */ = {isa = PBXBuildFile; fileRef = 6A7CCD6B1EE44AFA0089447E /* TQJTitleStyle.swift */; };
		6A7CCD721EE44AFA0089447E /* TQJTitleView.swift in Sources */ = {isa = PBXBuildFile; fileRef = 6A7CCD6C1EE44AFA0089447E /* TQJTitleView.swift */; };
		6A7CCD7B1EE44B540089447E /* Immessage.proto.swift in Sources */ = {isa = PBXBuildFile; fileRef = 6A7CCD741EE44B540089447E /* Immessage.proto.swift */; };
		6A7CCD7C1EE44B540089447E /* ysocket.swift in Sources */ = {isa = PBXBuildFile; fileRef = 6A7CCD761EE44B540089447E /* ysocket.swift */; };
		6A7CCD7D1EE44B540089447E /* ytcpsocket.c in Sources */ = {isa = PBXBuildFile; fileRef = 6A7CCD771EE44B540089447E /* ytcpsocket.c */; };
		6A7CCD7E1EE44B540089447E /* ytcpsocket.swift in Sources */ = {isa = PBXBuildFile; fileRef = 6A7CCD781EE44B540089447E /* ytcpsocket.swift */; };
		6A7CCD7F1EE44B540089447E /* yudpsocket.c in Sources */ = {isa = PBXBuildFile; fileRef = 6A7CCD791EE44B540089447E /* yudpsocket.c */; };
		6A7CCD801EE44B540089447E /* yudpsocket.swift in Sources */ = {isa = PBXBuildFile; fileRef = 6A7CCD7A1EE44B540089447E /* yudpsocket.swift */; };
		6A7CCD841EE44BE60089447E /* QJSocket.swift in Sources */ = {isa = PBXBuildFile; fileRef = 6A7CCD831EE44BE60089447E /* QJSocket.swift */; };
		6A7CCD861EE468C10089447E /* ChatContentView.swift in Sources */ = {isa = PBXBuildFile; fileRef = 6A7CCD851EE468C10089447E /* ChatContentView.swift */; };
		6A7CCD881EE468CA0089447E /* ChatContentView.xib in Resources */ = {isa = PBXBuildFile; fileRef = 6A7CCD871EE468CA0089447E /* ChatContentView.xib */; };
		6A7CCD8A1EE4696A0089447E /* ChatContentCell.swift in Sources */ = {isa = PBXBuildFile; fileRef = 6A7CCD891EE4696A0089447E /* ChatContentCell.swift */; };
		6A7CCDD11EE70BC40089447E /* AttributeStrGenerator.swift in Sources */ = {isa = PBXBuildFile; fileRef = 6A7CCDD01EE70BC40089447E /* AttributeStrGenerator.swift */; };
		6A7E9F731EC4AEEE00FB7925 /* Emitterable.swift in Sources */ = {isa = PBXBuildFile; fileRef = 6A7E9F721EC4AEEE00FB7925 /* Emitterable.swift */; };
		6A7E9F751EC4BC0A00FB7925 /* RoomViewController.swift in Sources */ = {isa = PBXBuildFile; fileRef = 6A7E9F741EC4BC0A00FB7925 /* RoomViewController.swift */; };
		6AB9E95F1EC9FB110034F63B /* NibLoadable.swift in Sources */ = {isa = PBXBuildFile; fileRef = 6AB9E95E1EC9FB110034F63B /* NibLoadable.swift */; };
		6AB9E96C1ED46F470034F63B /* ChatToolsView.swift in Sources */ = {isa = PBXBuildFile; fileRef = 6AB9E96B1ED46F470034F63B /* ChatToolsView.swift */; };
		6AB9E96E1ED46F4E0034F63B /* ChatToolsView.xib in Resources */ = {isa = PBXBuildFile; fileRef = 6AB9E96D1ED46F4E0034F63B /* ChatToolsView.xib */; };
		6AB9E9701ED5DC800034F63B /* EmotionView.swift in Sources */ = {isa = PBXBuildFile; fileRef = 6AB9E96F1ED5DC800034F63B /* EmotionView.swift */; };
		6AB9E9731ED708D90034F63B /* QHNormalEmotionSort.plist in Resources */ = {isa = PBXBuildFile; fileRef = 6AB9E9711ED708D90034F63B /* QHNormalEmotionSort.plist */; };
		6AB9E9741ED708D90034F63B /* QHSohuGifSort.plist in Resources */ = {isa = PBXBuildFile; fileRef = 6AB9E9721ED708D90034F63B /* QHSohuGifSort.plist */; };
		6AB9E9791ED709D40034F63B /* EmotionModel.swift in Sources */ = {isa = PBXBuildFile; fileRef = 6AB9E9751ED709D40034F63B /* EmotionModel.swift */; };
		6AB9E97A1ED709D40034F63B /* EmotionPackages.swift in Sources */ = {isa = PBXBuildFile; fileRef = 6AB9E9761ED709D40034F63B /* EmotionPackages.swift */; };
		6AB9E97B1ED709D40034F63B /* GiftModel.swift in Sources */ = {isa = PBXBuildFile; fileRef = 6AB9E9771ED709D40034F63B /* GiftModel.swift */; };
		6AB9E97C1ED709D40034F63B /* GiftPackages.swift in Sources */ = {isa = PBXBuildFile; fileRef = 6AB9E9781ED709D40034F63B /* GiftPackages.swift */; };
		6AB9E97F1ED709ED0034F63B /* EmoticonViewCell.swift in Sources */ = {isa = PBXBuildFile; fileRef = 6AB9E97D1ED709ED0034F63B /* EmoticonViewCell.swift */; };
		6AB9E9801ED709ED0034F63B /* EmoticonViewCell.xib in Resources */ = {isa = PBXBuildFile; fileRef = 6AB9E97E1ED709ED0034F63B /* EmoticonViewCell.xib */; };
		6AB9E9851ED709FE0034F63B /* GiftListView.swift in Sources */ = {isa = PBXBuildFile; fileRef = 6AB9E9811ED709FE0034F63B /* GiftListView.swift */; };
		6AB9E9861ED709FE0034F63B /* GiftListView.xib in Resources */ = {isa = PBXBuildFile; fileRef = 6AB9E9821ED709FE0034F63B /* GiftListView.xib */; };
		6AB9E9871ED709FE0034F63B /* GiftViewCell.swift in Sources */ = {isa = PBXBuildFile; fileRef = 6AB9E9831ED709FE0034F63B /* GiftViewCell.swift */; };
		6AB9E9881ED709FE0034F63B /* GiftViewCell.xib in Resources */ = {isa = PBXBuildFile; fileRef = 6AB9E9841ED709FE0034F63B /* GiftViewCell.xib */; };
		6AB9E98B1ED70A640034F63B /* EmotionViewModel.swift in Sources */ = {isa = PBXBuildFile; fileRef = 6AB9E9891ED70A640034F63B /* EmotionViewModel.swift */; };
		6AB9E98C1ED70A640034F63B /* GiftViewModel.swift in Sources */ = {isa = PBXBuildFile; fileRef = 6AB9E98A1ED70A640034F63B /* GiftViewModel.swift */; };
		6AED95281E9FBF8300520537 /* UIColor+Extension.swift in Sources */ = {isa = PBXBuildFile; fileRef = 6AED95271E9FBF8300520537 /* UIColor+Extension.swift */; };
		FE0A90AA1EE932990039491C /* GiftChannelView.swift in Sources */ = {isa = PBXBuildFile; fileRef = FE0A90A51EE932990039491C /* GiftChannelView.swift */; };
		FE0A90AB1EE932990039491C /* GiftChannelView.xib in Resources */ = {isa = PBXBuildFile; fileRef = FE0A90A61EE932990039491C /* GiftChannelView.xib */; };
		FE0A90AC1EE932990039491C /* GiftContentView.swift in Sources */ = {isa = PBXBuildFile; fileRef = FE0A90A71EE932990039491C /* GiftContentView.swift */; };
		FE0A90AD1EE932990039491C /* GiftDigitLabel.swift in Sources */ = {isa = PBXBuildFile; fileRef = FE0A90A81EE932990039491C /* GiftDigitLabel.swift */; };
		FE0A90B01EE9330D0039491C /* GiftAnimationModel.swift in Sources */ = {isa = PBXBuildFile; fileRef = FE0A90AF1EE9330D0039491C /* GiftAnimationModel.swift */; };
		FE0F01EDAD8030F6DEB34A70 /* Pods_GYJTV.framework in Frameworks */ = {isa = PBXBuildFile; fileRef = C6FF30D59A8A637781823EB9 /* Pods_GYJTV.framework */; };
		FE2A08A31EF7B50500796072 /* BaseProfileViewController.swift in Sources */ = {isa = PBXBuildFile; fileRef = FE2A08A21EF7B50500796072 /* BaseProfileViewController.swift */; };
		FE2A08A71EF7B63D00796072 /* SettingItemModel.swift in Sources */ = {isa = PBXBuildFile; fileRef = FE2A08A61EF7B63D00796072 /* SettingItemModel.swift */; };
		FE2A08AA1EF7B8F300796072 /* ProfileViewCell.swift in Sources */ = {isa = PBXBuildFile; fileRef = FE2A08A81EF7B8F300796072 /* ProfileViewCell.swift */; };
		FE2A08AB1EF7B8F300796072 /* ProfileViewCell.xib in Resources */ = {isa = PBXBuildFile; fileRef = FE2A08A91EF7B8F300796072 /* ProfileViewCell.xib */; };
		FE2A08AD1EF7C7FA00796072 /* SettingSectionModel.swift in Sources */ = {isa = PBXBuildFile; fileRef = FE2A08AC1EF7C7FA00796072 /* SettingSectionModel.swift */; };
		FE2A08AF1EF7C96E00796072 /* ProfileViewController.swift in Sources */ = {isa = PBXBuildFile; fileRef = FE2A08AE1EF7C96E00796072 /* ProfileViewController.swift */; };
		FE2A08B11EF7D0C800796072 /* ProfileHeaderView.swift in Sources */ = {isa = PBXBuildFile; fileRef = FE2A08B01EF7D0C800796072 /* ProfileHeaderView.swift */; };
		FE2A08B31EF7D0D000796072 /* ProfileHeaderView.xib in Resources */ = {isa = PBXBuildFile; fileRef = FE2A08B21EF7D0D000796072 /* ProfileHeaderView.xib */; };
		FE48D2C41EF7EB14001240FA /* SettingViewController.swift in Sources */ = {isa = PBXBuildFile; fileRef = FE48D2C31EF7EB14001240FA /* SettingViewController.swift */; };
		FE48D2C61EF7EEE9001240FA /* QJNavigationViewController.swift in Sources */ = {isa = PBXBuildFile; fileRef = FE48D2C51EF7EEE9001240FA /* QJNavigationViewController.swift */; };
		FE48D2C81EF7F8DF001240FA /* DiscoverViewController.swift in Sources */ = {isa = PBXBuildFile; fileRef = FE48D2C71EF7F8DF001240FA /* DiscoverViewController.swift */; };
		FE48D2CE1EF7FB4D001240FA /* DiscoverCollectionCell.swift in Sources */ = {isa = PBXBuildFile; fileRef = FE48D2CC1EF7FB4D001240FA /* DiscoverCollectionCell.swift */; };
		FE48D2CF1EF7FB4D001240FA /* DiscoverCollectionCell.xib in Resources */ = {isa = PBXBuildFile; fileRef = FE48D2CD1EF7FB4D001240FA /* DiscoverCollectionCell.xib */; };
		FE48D2D11EF7FD2A001240FA /* CourseModel.swift in Sources */ = {isa = PBXBuildFile; fileRef = FE48D2D01EF7FD2A001240FA /* CourseModel.swift */; };
		FE48D2D31EF7FE1F001240FA /* CourseViewModel.swift in Sources */ = {isa = PBXBuildFile; fileRef = FE48D2D21EF7FE1F001240FA /* CourseViewModel.swift */; };
		FE48D2D51EF80144001240FA /* CourseHeaderVIew.swift in Sources */ = {isa = PBXBuildFile; fileRef = FE48D2D41EF80144001240FA /* CourseHeaderVIew.swift */; };
		FE4C62B01EF8D1E200BF60E0 /* DiscoverTableCell.swift in Sources */ = {isa = PBXBuildFile; fileRef = FE4C62AF1EF8D1E200BF60E0 /* DiscoverTableCell.swift */; };
		FE4C62B21EF8EFD800BF60E0 /* DiscoverViewModel.swift in Sources */ = {isa = PBXBuildFile; fileRef = FE4C62B11EF8EFD800BF60E0 /* DiscoverViewModel.swift */; };
		FE4C62B41EF91E8800BF60E0 /* WebViewController.swift in Sources */ = {isa = PBXBuildFile; fileRef = FE4C62B31EF91E8800BF60E0 /* WebViewController.swift */; };
		FE84EF521EF94A9A00EA5C47 /* RankType.swift in Sources */ = {isa = PBXBuildFile; fileRef = FE84EF511EF94A9A00EA5C47 /* RankType.swift */; };
		FE84EF541EF94AF500EA5C47 /* RankModel.swift in Sources */ = {isa = PBXBuildFile; fileRef = FE84EF531EF94AF500EA5C47 /* RankModel.swift */; };
		FE84EF561EF94B0900EA5C47 /* WeeklyModel.swift in Sources */ = {isa = PBXBuildFile; fileRef = FE84EF551EF94B0900EA5C47 /* WeeklyModel.swift */; };
		FE84EF591EF94C0800EA5C47 /* DetailRankTableCell.swift in Sources */ = {isa = PBXBuildFile; fileRef = FE84EF571EF94C0800EA5C47 /* DetailRankTableCell.swift */; };
		FE84EF5A1EF94C0800EA5C47 /* DetailRankTableCell.xib in Resources */ = {isa = PBXBuildFile; fileRef = FE84EF581EF94C0800EA5C47 /* DetailRankTableCell.xib */; };
		FE84EF5D1EF94C1900EA5C47 /* WeeklyRankTableCell.swift in Sources */ = {isa = PBXBuildFile; fileRef = FE84EF5B1EF94C1900EA5C47 /* WeeklyRankTableCell.swift */; };
		FE84EF5E1EF94C1900EA5C47 /* WeeklyRankTableCell.xib in Resources */ = {isa = PBXBuildFile; fileRef = FE84EF5C1EF94C1900EA5C47 /* WeeklyRankTableCell.xib */; };
		FE84EF601EF9507200EA5C47 /* DetailRankViewModel.swift in Sources */ = {isa = PBXBuildFile; fileRef = FE84EF5F1EF9507200EA5C47 /* DetailRankViewModel.swift */; };
		FE84EF621EF9508500EA5C47 /* WeeklyRankViewModel.swift in Sources */ = {isa = PBXBuildFile; fileRef = FE84EF611EF9508500EA5C47 /* WeeklyRankViewModel.swift */; };
		FE84EF641EF961DE00EA5C47 /* DetailRankViewController.swift in Sources */ = {isa = PBXBuildFile; fileRef = FE84EF631EF961DE00EA5C47 /* DetailRankViewController.swift */; };
		FE84EF661EF961E800EA5C47 /* WeeklyRankViewController.swift in Sources */ = {isa = PBXBuildFile; fileRef = FE84EF651EF961E800EA5C47 /* WeeklyRankViewController.swift */; };
		FE84EF681EFA14EF00EA5C47 /* SubRankViewController.swift in Sources */ = {isa = PBXBuildFile; fileRef = FE84EF671EFA14EF00EA5C47 /* SubRankViewController.swift */; };
		FE84EF6A1EFA19CF00EA5C47 /* NormalRankViewController.swift in Sources */ = {isa = PBXBuildFile; fileRef = FE84EF691EFA19CF00EA5C47 /* NormalRankViewController.swift */; };
		FE84EF6C1EFA19E900EA5C47 /* WeekAllRankViewController.swift in Sources */ = {isa = PBXBuildFile; fileRef = FE84EF6B1EFA19E900EA5C47 /* WeekAllRankViewController.swift */; };
		FE8BC3A71EE96EC6001D436F /* SocialShareView.swift in Sources */ = {isa = PBXBuildFile; fileRef = FE8BC3A61EE96EC6001D436F /* SocialShareView.swift */; };
		FE8BC3A91EE96ED1001D436F /* SocialShareView.xib in Resources */ = {isa = PBXBuildFile; fileRef = FE8BC3A81EE96ED1001D436F /* SocialShareView.xib */; };
		FE8BC3AB1EE96FC5001D436F /* TopImageButton.swift in Sources */ = {isa = PBXBuildFile; fileRef = FE8BC3AA1EE96FC5001D436F /* TopImageButton.swift */; };
		FE8BC3AE1EE978D8001D436F /* MoreInfoView.xib in Resources */ = {isa = PBXBuildFile; fileRef = FE8BC3AD1EE978D8001D436F /* MoreInfoView.xib */; };
		FE8BC3B21EE97B00001D436F /* MoreInfoView.swift in Sources */ = {isa = PBXBuildFile; fileRef = FE8BC3B11EE97B00001D436F /* MoreInfoView.swift */; };
/* End PBXBuildFile section */

/* Begin PBXContainerItemProxy section */
		6A5C10681E9E99540090446B /* PBXContainerItemProxy */ = {
			isa = PBXContainerItemProxy;
			containerPortal = 6A5C104B1E9E99540090446B /* Project object */;
			proxyType = 1;
			remoteGlobalIDString = 6A5C10521E9E99540090446B;
			remoteInfo = GYJTV;
		};
		6A5C10731E9E99540090446B /* PBXContainerItemProxy */ = {
			isa = PBXContainerItemProxy;
			containerPortal = 6A5C104B1E9E99540090446B /* Project object */;
			proxyType = 1;
			remoteGlobalIDString = 6A5C10521E9E99540090446B;
			remoteInfo = GYJTV;
		};
/* End PBXContainerItemProxy section */

/* Begin PBXFileReference section */
		560A16FA17B732A4BDDC2DD8 /* Pods-GYJTV.debug.xcconfig */ = {isa = PBXFileReference; includeInIndex = 1; lastKnownFileType = text.xcconfig; name = "Pods-GYJTV.debug.xcconfig"; path = "Pods/Target Support Files/Pods-GYJTV/Pods-GYJTV.debug.xcconfig"; sourceTree = "<group>"; };
		6A37601C1EC27B9600E4A7E6 /* types.plist */ = {isa = PBXFileReference; fileEncoding = 4; lastKnownFileType = text.plist.xml; path = types.plist; sourceTree = "<group>"; };
		6A3760221EC27CC400E4A7E6 /* BaseModel.swift */ = {isa = PBXFileReference; fileEncoding = 4; lastKnownFileType = sourcecode.swift; path = BaseModel.swift; sourceTree = "<group>"; };
		6A3760281EC27CEC00E4A7E6 /* RoomViewController.xib */ = {isa = PBXFileReference; fileEncoding = 4; lastKnownFileType = file.xib; path = RoomViewController.xib; sourceTree = "<group>"; };
		6A37602F1EC27D3D00E4A7E6 /* KingfisherExtension.swift */ = {isa = PBXFileReference; fileEncoding = 4; lastKnownFileType = sourcecode.swift; path = KingfisherExtension.swift; sourceTree = "<group>"; };
		6A3760301EC27D3D00E4A7E6 /* NetworkTools.swift */ = {isa = PBXFileReference; fileEncoding = 4; lastKnownFileType = sourcecode.swift; path = NetworkTools.swift; sourceTree = "<group>"; };
		6A3760341EC27D7100E4A7E6 /* Const.swift */ = {isa = PBXFileReference; fileEncoding = 4; lastKnownFileType = sourcecode.swift; path = Const.swift; sourceTree = "<group>"; };
		6A37603F1EC27DA200E4A7E6 /* NSDate-Extension.swift */ = {isa = PBXFileReference; fileEncoding = 4; lastKnownFileType = sourcecode.swift; path = "NSDate-Extension.swift"; sourceTree = "<group>"; };
		6A3760421EC27E0300E4A7E6 /* AnchorViewController.swift */ = {isa = PBXFileReference; fileEncoding = 4; lastKnownFileType = sourcecode.swift; path = AnchorViewController.swift; sourceTree = "<group>"; };
		6A3760441EC27E0300E4A7E6 /* AnchorModel.swift */ = {isa = PBXFileReference; fileEncoding = 4; lastKnownFileType = sourcecode.swift; path = AnchorModel.swift; sourceTree = "<group>"; };
		6A3760451EC27E0300E4A7E6 /* HomeType.swift */ = {isa = PBXFileReference; fileEncoding = 4; lastKnownFileType = sourcecode.swift; path = HomeType.swift; sourceTree = "<group>"; };
		6A3760471EC27E0300E4A7E6 /* HomeViewCell.swift */ = {isa = PBXFileReference; fileEncoding = 4; lastKnownFileType = sourcecode.swift; path = HomeViewCell.swift; sourceTree = "<group>"; };
		6A3760481EC27E0300E4A7E6 /* HomeViewCell.xib */ = {isa = PBXFileReference; fileEncoding = 4; lastKnownFileType = file.xib; path = HomeViewCell.xib; sourceTree = "<group>"; };
		6A37604A1EC27E0300E4A7E6 /* HomeViewModel.swift */ = {isa = PBXFileReference; fileEncoding = 4; lastKnownFileType = sourcecode.swift; path = HomeViewModel.swift; sourceTree = "<group>"; };
		6A37604B1EC27E0300E4A7E6 /* WaterfallLayout.swift */ = {isa = PBXFileReference; fileEncoding = 4; lastKnownFileType = sourcecode.swift; path = WaterfallLayout.swift; sourceTree = "<group>"; };
		6A3760531EC27E1300E4A7E6 /* Home.storyboard */ = {isa = PBXFileReference; fileEncoding = 4; lastKnownFileType = file.storyboard; path = Home.storyboard; sourceTree = "<group>"; };
		6A3760541EC27E1300E4A7E6 /* HomeViewController.swift */ = {isa = PBXFileReference; fileEncoding = 4; lastKnownFileType = sourcecode.swift; path = HomeViewController.swift; sourceTree = "<group>"; };
		6A37605B1EC27E3F00E4A7E6 /* Rank.storyboard */ = {isa = PBXFileReference; fileEncoding = 4; lastKnownFileType = file.storyboard; path = Rank.storyboard; sourceTree = "<group>"; };
		6A37605C1EC27E3F00E4A7E6 /* RankViewController.swift */ = {isa = PBXFileReference; fileEncoding = 4; lastKnownFileType = sourcecode.swift; path = RankViewController.swift; sourceTree = "<group>"; };
		6A3760631EC27E6600E4A7E6 /* Discover.storyboard */ = {isa = PBXFileReference; fileEncoding = 4; lastKnownFileType = file.storyboard; path = Discover.storyboard; sourceTree = "<group>"; };
		6A3760691EC27E8300E4A7E6 /* Profile.storyboard */ = {isa = PBXFileReference; fileEncoding = 4; lastKnownFileType = file.storyboard; path = Profile.storyboard; sourceTree = "<group>"; };
		6A5C10531E9E99540090446B /* GYJTV.app */ = {isa = PBXFileReference; explicitFileType = wrapper.application; includeInIndex = 0; path = GYJTV.app; sourceTree = BUILT_PRODUCTS_DIR; };
		6A5C10561E9E99540090446B /* AppDelegate.swift */ = {isa = PBXFileReference; lastKnownFileType = sourcecode.swift; path = AppDelegate.swift; sourceTree = "<group>"; };
		6A5C105B1E9E99540090446B /* Base */ = {isa = PBXFileReference; lastKnownFileType = file.storyboard; name = Base; path = Base.lproj/Main.storyboard; sourceTree = "<group>"; };
		6A5C105D1E9E99540090446B /* Assets.xcassets */ = {isa = PBXFileReference; lastKnownFileType = folder.assetcatalog; path = Assets.xcassets; sourceTree = "<group>"; };
		6A5C10601E9E99540090446B /* Base */ = {isa = PBXFileReference; lastKnownFileType = file.storyboard; name = Base; path = Base.lproj/LaunchScreen.storyboard; sourceTree = "<group>"; };
		6A5C10621E9E99540090446B /* Info.plist */ = {isa = PBXFileReference; lastKnownFileType = text.plist.xml; path = Info.plist; sourceTree = "<group>"; };
		6A5C10671E9E99540090446B /* GYJTVTests.xctest */ = {isa = PBXFileReference; explicitFileType = wrapper.cfbundle; includeInIndex = 0; path = GYJTVTests.xctest; sourceTree = BUILT_PRODUCTS_DIR; };
		6A5C106B1E9E99540090446B /* GYJTVTests.swift */ = {isa = PBXFileReference; lastKnownFileType = sourcecode.swift; path = GYJTVTests.swift; sourceTree = "<group>"; };
		6A5C106D1E9E99540090446B /* Info.plist */ = {isa = PBXFileReference; lastKnownFileType = text.plist.xml; path = Info.plist; sourceTree = "<group>"; };
		6A5C10721E9E99540090446B /* GYJTVUITests.xctest */ = {isa = PBXFileReference; explicitFileType = wrapper.cfbundle; includeInIndex = 0; path = GYJTVUITests.xctest; sourceTree = BUILT_PRODUCTS_DIR; };
		6A5C10761E9E99540090446B /* GYJTVUITests.swift */ = {isa = PBXFileReference; lastKnownFileType = sourcecode.swift; path = GYJTVUITests.swift; sourceTree = "<group>"; };
		6A5C10781E9E99540090446B /* Info.plist */ = {isa = PBXFileReference; lastKnownFileType = text.plist.xml; path = Info.plist; sourceTree = "<group>"; };
		6A5C108D1E9E99880090446B /* MainViewController.swift */ = {isa = PBXFileReference; fileEncoding = 4; lastKnownFileType = sourcecode.swift; path = MainViewController.swift; sourceTree = "<group>"; };
		6A6134A21F029A8000B1820D /* libsqlite3.0.tbd */ = {isa = PBXFileReference; lastKnownFileType = "sourcecode.text-based-dylib-definition"; name = libsqlite3.0.tbd; path = usr/lib/libsqlite3.0.tbd; sourceTree = SDKROOT; };
		6A6134A41F029A8900B1820D /* libz.tbd */ = {isa = PBXFileReference; lastKnownFileType = "sourcecode.text-based-dylib-definition"; name = libz.tbd; path = usr/lib/libz.tbd; sourceTree = SDKROOT; };
		6A6134A61F029B4800B1820D /* FocusViewController.swift */ = {isa = PBXFileReference; fileEncoding = 4; lastKnownFileType = sourcecode.swift; path = FocusViewController.swift; sourceTree = "<group>"; };
		6A6134A81F029B5C00B1820D /* FocusViewModel.swift */ = {isa = PBXFileReference; fileEncoding = 4; lastKnownFileType = sourcecode.swift; path = FocusViewModel.swift; sourceTree = "<group>"; };
		6A6134AA1F029B6F00B1820D /* FocusTableCell.swift */ = {isa = PBXFileReference; fileEncoding = 4; lastKnownFileType = sourcecode.swift; path = FocusTableCell.swift; sourceTree = "<group>"; };
		6A6134AB1F029B6F00B1820D /* FocusTableCell.xib */ = {isa = PBXFileReference; fileEncoding = 4; lastKnownFileType = file.xib; path = FocusTableCell.xib; sourceTree = "<group>"; };
		6A6134AC1F029B6F00B1820D /* ShadeView.swift */ = {isa = PBXFileReference; fileEncoding = 4; lastKnownFileType = sourcecode.swift; path = ShadeView.swift; sourceTree = "<group>"; };
		6A6134B01F029C0D00B1820D /* RoomViewModel.swift */ = {isa = PBXFileReference; fileEncoding = 4; lastKnownFileType = sourcecode.swift; path = RoomViewModel.swift; sourceTree = "<group>"; };
		6A6134B21F029C6700B1820D /* SqliteTools.swift */ = {isa = PBXFileReference; fileEncoding = 4; lastKnownFileType = sourcecode.swift; path = SqliteTools.swift; sourceTree = "<group>"; };
		6A6134B41F029C8400B1820D /* String-Extension.swift */ = {isa = PBXFileReference; fileEncoding = 4; lastKnownFileType = sourcecode.swift; path = "String-Extension.swift"; sourceTree = "<group>"; };
		6A6134B81F029CC600B1820D /* LivingViewController.swift */ = {isa = PBXFileReference; fileEncoding = 4; lastKnownFileType = sourcecode.swift; path = LivingViewController.swift; sourceTree = "<group>"; };
		6A6134B91F029CC600B1820D /* LivingViewController.xib */ = {isa = PBXFileReference; fileEncoding = 4; lastKnownFileType = file.xib; path = LivingViewController.xib; sourceTree = "<group>"; };
		6A7CCD671EE44AFA0089447E /* TQJCollectionView.swift */ = {isa = PBXFileReference; fileEncoding = 4; lastKnownFileType = sourcecode.swift; path = TQJCollectionView.swift; sourceTree = "<group>"; };
		6A7CCD681EE44AFA0089447E /* TQJContentView.swift */ = {isa = PBXFileReference; fileEncoding = 4; lastKnownFileType = sourcecode.swift; path = TQJContentView.swift; sourceTree = "<group>"; };
		6A7CCD691EE44AFA0089447E /* TQJPageCollectionLayout.swift */ = {isa = PBXFileReference; fileEncoding = 4; lastKnownFileType = sourcecode.swift; path = TQJPageCollectionLayout.swift; sourceTree = "<group>"; };
		6A7CCD6A1EE44AFA0089447E /* TQJPageView.swift */ = {isa = PBXFileReference; fileEncoding = 4; lastKnownFileType = sourcecode.swift; path = TQJPageView.swift; sourceTree = "<group>"; };
		6A7CCD6B1EE44AFA0089447E /* TQJTitleStyle.swift */ = {isa = PBXFileReference; fileEncoding = 4; lastKnownFileType = sourcecode.swift; path = TQJTitleStyle.swift; sourceTree = "<group>"; };
		6A7CCD6C1EE44AFA0089447E /* TQJTitleView.swift */ = {isa = PBXFileReference; fileEncoding = 4; lastKnownFileType = sourcecode.swift; path = TQJTitleView.swift; sourceTree = "<group>"; };
		6A7CCD741EE44B540089447E /* Immessage.proto.swift */ = {isa = PBXFileReference; fileEncoding = 4; lastKnownFileType = sourcecode.swift; path = Immessage.proto.swift; sourceTree = "<group>"; };
		6A7CCD761EE44B540089447E /* ysocket.swift */ = {isa = PBXFileReference; fileEncoding = 4; lastKnownFileType = sourcecode.swift; path = ysocket.swift; sourceTree = "<group>"; };
		6A7CCD771EE44B540089447E /* ytcpsocket.c */ = {isa = PBXFileReference; fileEncoding = 4; lastKnownFileType = sourcecode.c.c; path = ytcpsocket.c; sourceTree = "<group>"; };
		6A7CCD781EE44B540089447E /* ytcpsocket.swift */ = {isa = PBXFileReference; fileEncoding = 4; lastKnownFileType = sourcecode.swift; path = ytcpsocket.swift; sourceTree = "<group>"; };
		6A7CCD791EE44B540089447E /* yudpsocket.c */ = {isa = PBXFileReference; fileEncoding = 4; lastKnownFileType = sourcecode.c.c; path = yudpsocket.c; sourceTree = "<group>"; };
		6A7CCD7A1EE44B540089447E /* yudpsocket.swift */ = {isa = PBXFileReference; fileEncoding = 4; lastKnownFileType = sourcecode.swift; path = yudpsocket.swift; sourceTree = "<group>"; };
		6A7CCD831EE44BE60089447E /* QJSocket.swift */ = {isa = PBXFileReference; fileEncoding = 4; lastKnownFileType = sourcecode.swift; path = QJSocket.swift; sourceTree = "<group>"; };
		6A7CCD851EE468C10089447E /* ChatContentView.swift */ = {isa = PBXFileReference; fileEncoding = 4; lastKnownFileType = sourcecode.swift; path = ChatContentView.swift; sourceTree = "<group>"; };
		6A7CCD871EE468CA0089447E /* ChatContentView.xib */ = {isa = PBXFileReference; fileEncoding = 4; lastKnownFileType = file.xib; path = ChatContentView.xib; sourceTree = "<group>"; };
		6A7CCD891EE4696A0089447E /* ChatContentCell.swift */ = {isa = PBXFileReference; fileEncoding = 4; lastKnownFileType = sourcecode.swift; path = ChatContentCell.swift; sourceTree = "<group>"; };
		6A7CCDD01EE70BC40089447E /* AttributeStrGenerator.swift */ = {isa = PBXFileReference; fileEncoding = 4; lastKnownFileType = sourcecode.swift; path = AttributeStrGenerator.swift; sourceTree = "<group>"; };
		6A7E9F721EC4AEEE00FB7925 /* Emitterable.swift */ = {isa = PBXFileReference; fileEncoding = 4; lastKnownFileType = sourcecode.swift; name = Emitterable.swift; path = Protocol/Emitterable.swift; sourceTree = "<group>"; };
		6A7E9F741EC4BC0A00FB7925 /* RoomViewController.swift */ = {isa = PBXFileReference; fileEncoding = 4; lastKnownFileType = sourcecode.swift; path = RoomViewController.swift; sourceTree = "<group>"; };
		6AB9E95E1EC9FB110034F63B /* NibLoadable.swift */ = {isa = PBXFileReference; fileEncoding = 4; lastKnownFileType = sourcecode.swift; name = NibLoadable.swift; path = Protocol/NibLoadable.swift; sourceTree = "<group>"; };
		6AB9E96B1ED46F470034F63B /* ChatToolsView.swift */ = {isa = PBXFileReference; fileEncoding = 4; lastKnownFileType = sourcecode.swift; path = ChatToolsView.swift; sourceTree = "<group>"; };
		6AB9E96D1ED46F4E0034F63B /* ChatToolsView.xib */ = {isa = PBXFileReference; fileEncoding = 4; lastKnownFileType = file.xib; path = ChatToolsView.xib; sourceTree = "<group>"; };
		6AB9E96F1ED5DC800034F63B /* EmotionView.swift */ = {isa = PBXFileReference; fileEncoding = 4; lastKnownFileType = sourcecode.swift; path = EmotionView.swift; sourceTree = "<group>"; };
		6AB9E9711ED708D90034F63B /* QHNormalEmotionSort.plist */ = {isa = PBXFileReference; lastKnownFileType = file.bplist; path = QHNormalEmotionSort.plist; sourceTree = "<group>"; };
		6AB9E9721ED708D90034F63B /* QHSohuGifSort.plist */ = {isa = PBXFileReference; lastKnownFileType = file.bplist; path = QHSohuGifSort.plist; sourceTree = "<group>"; };
		6AB9E9751ED709D40034F63B /* EmotionModel.swift */ = {isa = PBXFileReference; fileEncoding = 4; lastKnownFileType = sourcecode.swift; path = EmotionModel.swift; sourceTree = "<group>"; };
		6AB9E9761ED709D40034F63B /* EmotionPackages.swift */ = {isa = PBXFileReference; fileEncoding = 4; lastKnownFileType = sourcecode.swift; path = EmotionPackages.swift; sourceTree = "<group>"; };
		6AB9E9771ED709D40034F63B /* GiftModel.swift */ = {isa = PBXFileReference; fileEncoding = 4; lastKnownFileType = sourcecode.swift; path = GiftModel.swift; sourceTree = "<group>"; };
		6AB9E9781ED709D40034F63B /* GiftPackages.swift */ = {isa = PBXFileReference; fileEncoding = 4; lastKnownFileType = sourcecode.swift; path = GiftPackages.swift; sourceTree = "<group>"; };
		6AB9E97D1ED709ED0034F63B /* EmoticonViewCell.swift */ = {isa = PBXFileReference; fileEncoding = 4; lastKnownFileType = sourcecode.swift; path = EmoticonViewCell.swift; sourceTree = "<group>"; };
		6AB9E97E1ED709ED0034F63B /* EmoticonViewCell.xib */ = {isa = PBXFileReference; fileEncoding = 4; lastKnownFileType = file.xib; path = EmoticonViewCell.xib; sourceTree = "<group>"; };
		6AB9E9811ED709FE0034F63B /* GiftListView.swift */ = {isa = PBXFileReference; fileEncoding = 4; lastKnownFileType = sourcecode.swift; path = GiftListView.swift; sourceTree = "<group>"; };
		6AB9E9821ED709FE0034F63B /* GiftListView.xib */ = {isa = PBXFileReference; fileEncoding = 4; lastKnownFileType = file.xib; path = GiftListView.xib; sourceTree = "<group>"; };
		6AB9E9831ED709FE0034F63B /* GiftViewCell.swift */ = {isa = PBXFileReference; fileEncoding = 4; lastKnownFileType = sourcecode.swift; path = GiftViewCell.swift; sourceTree = "<group>"; };
		6AB9E9841ED709FE0034F63B /* GiftViewCell.xib */ = {isa = PBXFileReference; fileEncoding = 4; lastKnownFileType = file.xib; path = GiftViewCell.xib; sourceTree = "<group>"; };
		6AB9E9891ED70A640034F63B /* EmotionViewModel.swift */ = {isa = PBXFileReference; fileEncoding = 4; lastKnownFileType = sourcecode.swift; path = EmotionViewModel.swift; sourceTree = "<group>"; };
		6AB9E98A1ED70A640034F63B /* GiftViewModel.swift */ = {isa = PBXFileReference; fileEncoding = 4; lastKnownFileType = sourcecode.swift; path = GiftViewModel.swift; sourceTree = "<group>"; };
		6AED95271E9FBF8300520537 /* UIColor+Extension.swift */ = {isa = PBXFileReference; fileEncoding = 4; lastKnownFileType = sourcecode.swift; path = "UIColor+Extension.swift"; sourceTree = "<group>"; };
		C6FF30D59A8A637781823EB9 /* Pods_GYJTV.framework */ = {isa = PBXFileReference; explicitFileType = wrapper.framework; includeInIndex = 0; path = Pods_GYJTV.framework; sourceTree = BUILT_PRODUCTS_DIR; };
		C746CA53112EF146A438C182 /* Pods-GYJTV.release.xcconfig */ = {isa = PBXFileReference; includeInIndex = 1; lastKnownFileType = text.xcconfig; name = "Pods-GYJTV.release.xcconfig"; path = "Pods/Target Support Files/Pods-GYJTV/Pods-GYJTV.release.xcconfig"; sourceTree = "<group>"; };
		FE0A90A51EE932990039491C /* GiftChannelView.swift */ = {isa = PBXFileReference; fileEncoding = 4; lastKnownFileType = sourcecode.swift; path = GiftChannelView.swift; sourceTree = "<group>"; };
		FE0A90A61EE932990039491C /* GiftChannelView.xib */ = {isa = PBXFileReference; fileEncoding = 4; lastKnownFileType = file.xib; path = GiftChannelView.xib; sourceTree = "<group>"; };
		FE0A90A71EE932990039491C /* GiftContentView.swift */ = {isa = PBXFileReference; fileEncoding = 4; lastKnownFileType = sourcecode.swift; path = GiftContentView.swift; sourceTree = "<group>"; };
		FE0A90A81EE932990039491C /* GiftDigitLabel.swift */ = {isa = PBXFileReference; fileEncoding = 4; lastKnownFileType = sourcecode.swift; path = GiftDigitLabel.swift; sourceTree = "<group>"; };
		FE0A90AF1EE9330D0039491C /* GiftAnimationModel.swift */ = {isa = PBXFileReference; fileEncoding = 4; lastKnownFileType = sourcecode.swift; path = GiftAnimationModel.swift; sourceTree = "<group>"; };
		FE105FBF1EF37E1F00872A71 /* GYJTV-Bridging-Header.h */ = {isa = PBXFileReference; lastKnownFileType = sourcecode.c.h; path = "GYJTV-Bridging-Header.h"; sourceTree = "<group>"; };
		FE2A08A21EF7B50500796072 /* BaseProfileViewController.swift */ = {isa = PBXFileReference; fileEncoding = 4; lastKnownFileType = sourcecode.swift; path = BaseProfileViewController.swift; sourceTree = "<group>"; };
		FE2A08A61EF7B63D00796072 /* SettingItemModel.swift */ = {isa = PBXFileReference; fileEncoding = 4; lastKnownFileType = sourcecode.swift; path = SettingItemModel.swift; sourceTree = "<group>"; };
		FE2A08A81EF7B8F300796072 /* ProfileViewCell.swift */ = {isa = PBXFileReference; fileEncoding = 4; lastKnownFileType = sourcecode.swift; path = ProfileViewCell.swift; sourceTree = "<group>"; };
		FE2A08A91EF7B8F300796072 /* ProfileViewCell.xib */ = {isa = PBXFileReference; fileEncoding = 4; lastKnownFileType = file.xib; path = ProfileViewCell.xib; sourceTree = "<group>"; };
		FE2A08AC1EF7C7FA00796072 /* SettingSectionModel.swift */ = {isa = PBXFileReference; fileEncoding = 4; lastKnownFileType = sourcecode.swift; path = SettingSectionModel.swift; sourceTree = "<group>"; };
		FE2A08AE1EF7C96E00796072 /* ProfileViewController.swift */ = {isa = PBXFileReference; fileEncoding = 4; lastKnownFileType = sourcecode.swift; path = ProfileViewController.swift; sourceTree = "<group>"; };
		FE2A08B01EF7D0C800796072 /* ProfileHeaderView.swift */ = {isa = PBXFileReference; fileEncoding = 4; lastKnownFileType = sourcecode.swift; path = ProfileHeaderView.swift; sourceTree = "<group>"; };
		FE2A08B21EF7D0D000796072 /* ProfileHeaderView.xib */ = {isa = PBXFileReference; fileEncoding = 4; lastKnownFileType = file.xib; path = ProfileHeaderView.xib; sourceTree = "<group>"; };
		FE48D2C31EF7EB14001240FA /* SettingViewController.swift */ = {isa = PBXFileReference; fileEncoding = 4; lastKnownFileType = sourcecode.swift; path = SettingViewController.swift; sourceTree = "<group>"; };
		FE48D2C51EF7EEE9001240FA /* QJNavigationViewController.swift */ = {isa = PBXFileReference; fileEncoding = 4; lastKnownFileType = sourcecode.swift; path = QJNavigationViewController.swift; sourceTree = "<group>"; };
		FE48D2C71EF7F8DF001240FA /* DiscoverViewController.swift */ = {isa = PBXFileReference; fileEncoding = 4; lastKnownFileType = sourcecode.swift; path = DiscoverViewController.swift; sourceTree = "<group>"; };
		FE48D2CC1EF7FB4D001240FA /* DiscoverCollectionCell.swift */ = {isa = PBXFileReference; fileEncoding = 4; lastKnownFileType = sourcecode.swift; path = DiscoverCollectionCell.swift; sourceTree = "<group>"; };
		FE48D2CD1EF7FB4D001240FA /* DiscoverCollectionCell.xib */ = {isa = PBXFileReference; fileEncoding = 4; lastKnownFileType = file.xib; path = DiscoverCollectionCell.xib; sourceTree = "<group>"; };
		FE48D2D01EF7FD2A001240FA /* CourseModel.swift */ = {isa = PBXFileReference; fileEncoding = 4; lastKnownFileType = sourcecode.swift; path = CourseModel.swift; sourceTree = "<group>"; };
		FE48D2D21EF7FE1F001240FA /* CourseViewModel.swift */ = {isa = PBXFileReference; fileEncoding = 4; lastKnownFileType = sourcecode.swift; path = CourseViewModel.swift; sourceTree = "<group>"; };
		FE48D2D41EF80144001240FA /* CourseHeaderVIew.swift */ = {isa = PBXFileReference; fileEncoding = 4; lastKnownFileType = sourcecode.swift; path = CourseHeaderVIew.swift; sourceTree = "<group>"; };
		FE4C62AF1EF8D1E200BF60E0 /* DiscoverTableCell.swift */ = {isa = PBXFileReference; fileEncoding = 4; lastKnownFileType = sourcecode.swift; path = DiscoverTableCell.swift; sourceTree = "<group>"; };
		FE4C62B11EF8EFD800BF60E0 /* DiscoverViewModel.swift */ = {isa = PBXFileReference; fileEncoding = 4; lastKnownFileType = sourcecode.swift; path = DiscoverViewModel.swift; sourceTree = "<group>"; };
		FE4C62B31EF91E8800BF60E0 /* WebViewController.swift */ = {isa = PBXFileReference; fileEncoding = 4; lastKnownFileType = sourcecode.swift; path = WebViewController.swift; sourceTree = "<group>"; };
		FE84EF511EF94A9A00EA5C47 /* RankType.swift */ = {isa = PBXFileReference; fileEncoding = 4; lastKnownFileType = sourcecode.swift; path = RankType.swift; sourceTree = "<group>"; };
		FE84EF531EF94AF500EA5C47 /* RankModel.swift */ = {isa = PBXFileReference; fileEncoding = 4; lastKnownFileType = sourcecode.swift; path = RankModel.swift; sourceTree = "<group>"; };
		FE84EF551EF94B0900EA5C47 /* WeeklyModel.swift */ = {isa = PBXFileReference; fileEncoding = 4; lastKnownFileType = sourcecode.swift; path = WeeklyModel.swift; sourceTree = "<group>"; };
		FE84EF571EF94C0800EA5C47 /* DetailRankTableCell.swift */ = {isa = PBXFileReference; fileEncoding = 4; lastKnownFileType = sourcecode.swift; path = DetailRankTableCell.swift; sourceTree = "<group>"; };
		FE84EF581EF94C0800EA5C47 /* DetailRankTableCell.xib */ = {isa = PBXFileReference; fileEncoding = 4; lastKnownFileType = file.xib; path = DetailRankTableCell.xib; sourceTree = "<group>"; };
		FE84EF5B1EF94C1900EA5C47 /* WeeklyRankTableCell.swift */ = {isa = PBXFileReference; fileEncoding = 4; lastKnownFileType = sourcecode.swift; path = WeeklyRankTableCell.swift; sourceTree = "<group>"; };
		FE84EF5C1EF94C1900EA5C47 /* WeeklyRankTableCell.xib */ = {isa = PBXFileReference; fileEncoding = 4; lastKnownFileType = file.xib; path = WeeklyRankTableCell.xib; sourceTree = "<group>"; };
		FE84EF5F1EF9507200EA5C47 /* DetailRankViewModel.swift */ = {isa = PBXFileReference; fileEncoding = 4; lastKnownFileType = sourcecode.swift; path = DetailRankViewModel.swift; sourceTree = "<group>"; };
		FE84EF611EF9508500EA5C47 /* WeeklyRankViewModel.swift */ = {isa = PBXFileReference; fileEncoding = 4; lastKnownFileType = sourcecode.swift; path = WeeklyRankViewModel.swift; sourceTree = "<group>"; };
		FE84EF631EF961DE00EA5C47 /* DetailRankViewController.swift */ = {isa = PBXFileReference; fileEncoding = 4; lastKnownFileType = sourcecode.swift; path = DetailRankViewController.swift; sourceTree = "<group>"; };
		FE84EF651EF961E800EA5C47 /* WeeklyRankViewController.swift */ = {isa = PBXFileReference; fileEncoding = 4; lastKnownFileType = sourcecode.swift; path = WeeklyRankViewController.swift; sourceTree = "<group>"; };
		FE84EF671EFA14EF00EA5C47 /* SubRankViewController.swift */ = {isa = PBXFileReference; fileEncoding = 4; lastKnownFileType = sourcecode.swift; path = SubRankViewController.swift; sourceTree = "<group>"; };
		FE84EF691EFA19CF00EA5C47 /* NormalRankViewController.swift */ = {isa = PBXFileReference; fileEncoding = 4; lastKnownFileType = sourcecode.swift; path = NormalRankViewController.swift; sourceTree = "<group>"; };
		FE84EF6B1EFA19E900EA5C47 /* WeekAllRankViewController.swift */ = {isa = PBXFileReference; fileEncoding = 4; lastKnownFileType = sourcecode.swift; path = WeekAllRankViewController.swift; sourceTree = "<group>"; };
		FE8BC3A61EE96EC6001D436F /* SocialShareView.swift */ = {isa = PBXFileReference; fileEncoding = 4; lastKnownFileType = sourcecode.swift; path = SocialShareView.swift; sourceTree = "<group>"; };
		FE8BC3A81EE96ED1001D436F /* SocialShareView.xib */ = {isa = PBXFileReference; fileEncoding = 4; lastKnownFileType = file.xib; path = SocialShareView.xib; sourceTree = "<group>"; };
		FE8BC3AA1EE96FC5001D436F /* TopImageButton.swift */ = {isa = PBXFileReference; fileEncoding = 4; lastKnownFileType = sourcecode.swift; path = TopImageButton.swift; sourceTree = "<group>"; };
		FE8BC3AD1EE978D8001D436F /* MoreInfoView.xib */ = {isa = PBXFileReference; fileEncoding = 4; lastKnownFileType = file.xib; path = MoreInfoView.xib; sourceTree = "<group>"; };
		FE8BC3B11EE97B00001D436F /* MoreInfoView.swift */ = {isa = PBXFileReference; fileEncoding = 4; lastKnownFileType = sourcecode.swift; path = MoreInfoView.swift; sourceTree = "<group>"; };
/* End PBXFileReference section */

/* Begin PBXFrameworksBuildPhase section */
		6A5C10501E9E99540090446B /* Frameworks */ = {
			isa = PBXFrameworksBuildPhase;
			buildActionMask = 2147483647;
			files = (
				6A6134A51F029A8900B1820D /* libz.tbd in Frameworks */,
				6A6134A31F029A8000B1820D /* libsqlite3.0.tbd in Frameworks */,
				FE0F01EDAD8030F6DEB34A70 /* Pods_GYJTV.framework in Frameworks */,
			);
			runOnlyForDeploymentPostprocessing = 0;
		};
		6A5C10641E9E99540090446B /* Frameworks */ = {
			isa = PBXFrameworksBuildPhase;
			buildActionMask = 2147483647;
			files = (
			);
			runOnlyForDeploymentPostprocessing = 0;
		};
		6A5C106F1E9E99540090446B /* Frameworks */ = {
			isa = PBXFrameworksBuildPhase;
			buildActionMask = 2147483647;
			files = (
			);
			runOnlyForDeploymentPostprocessing = 0;
		};
/* End PBXFrameworksBuildPhase section */

/* Begin PBXGroup section */
		50FEF127892831E71B388BAD /* Pods */ = {
			isa = PBXGroup;
			children = (
				560A16FA17B732A4BDDC2DD8 /* Pods-GYJTV.debug.xcconfig */,
				C746CA53112EF146A438C182 /* Pods-GYJTV.release.xcconfig */,
			);
			name = Pods;
			sourceTree = "<group>";
		};
		6A37601B1EC27B9600E4A7E6 /* Resource */ = {
			isa = PBXGroup;
			children = (
				6AB9E9711ED708D90034F63B /* QHNormalEmotionSort.plist */,
				6AB9E9721ED708D90034F63B /* QHSohuGifSort.plist */,
				6A37601C1EC27B9600E4A7E6 /* types.plist */,
			);
			path = Resource;
			sourceTree = "<group>";
		};
		6A3760211EC27CC300E4A7E6 /* Model */ = {
			isa = PBXGroup;
			children = (
				6A3760221EC27CC400E4A7E6 /* BaseModel.swift */,
			);
			path = Model;
			sourceTree = "<group>";
		};
		6A3760261EC27CEC00E4A7E6 /* Controller */ = {
			isa = PBXGroup;
			children = (
				6A3760281EC27CEC00E4A7E6 /* RoomViewController.xib */,
				6A7E9F741EC4BC0A00FB7925 /* RoomViewController.swift */,
			);
			path = Controller;
			sourceTree = "<group>";
		};
		6A37602E1EC27D3D00E4A7E6 /* Tool */ = {
			isa = PBXGroup;
			children = (
				6A6134B21F029C6700B1820D /* SqliteTools.swift */,
				6A37602F1EC27D3D00E4A7E6 /* KingfisherExtension.swift */,
				6A3760301EC27D3D00E4A7E6 /* NetworkTools.swift */,
				6A7CCDD01EE70BC40089447E /* AttributeStrGenerator.swift */,
			);
			path = Tool;
			sourceTree = "<group>";
		};
		6A3760331EC27D7100E4A7E6 /* Common */ = {
			isa = PBXGroup;
			children = (
				6A3760341EC27D7100E4A7E6 /* Const.swift */,
			);
			path = Common;
			sourceTree = "<group>";
		};
		6A3760411EC27E0300E4A7E6 /* Controller */ = {
			isa = PBXGroup;
			children = (
				6A3760531EC27E1300E4A7E6 /* Home.storyboard */,
				6A3760541EC27E1300E4A7E6 /* HomeViewController.swift */,
				6A3760421EC27E0300E4A7E6 /* AnchorViewController.swift */,
				6A6134A61F029B4800B1820D /* FocusViewController.swift */,
			);
			path = Controller;
			sourceTree = "<group>";
		};
		6A3760431EC27E0300E4A7E6 /* Model */ = {
			isa = PBXGroup;
			children = (
				6A3760441EC27E0300E4A7E6 /* AnchorModel.swift */,
				6A3760451EC27E0300E4A7E6 /* HomeType.swift */,
			);
			path = Model;
			sourceTree = "<group>";
		};
		6A3760461EC27E0300E4A7E6 /* VIew */ = {
			isa = PBXGroup;
			children = (
				6A3760471EC27E0300E4A7E6 /* HomeViewCell.swift */,
				6A3760481EC27E0300E4A7E6 /* HomeViewCell.xib */,
				6A6134AA1F029B6F00B1820D /* FocusTableCell.swift */,
				6A6134AB1F029B6F00B1820D /* FocusTableCell.xib */,
				6A6134AC1F029B6F00B1820D /* ShadeView.swift */,
			);
			path = VIew;
			sourceTree = "<group>";
		};
		6A3760491EC27E0300E4A7E6 /* VIewModel */ = {
			isa = PBXGroup;
			children = (
				6A37604A1EC27E0300E4A7E6 /* HomeViewModel.swift */,
				6A37604B1EC27E0300E4A7E6 /* WaterfallLayout.swift */,
				6A6134A81F029B5C00B1820D /* FocusViewModel.swift */,
			);
			path = VIewModel;
			sourceTree = "<group>";
		};
		6A3760571EC27E2B00E4A7E6 /* Controller */ = {
			isa = PBXGroup;
			children = (
				6A37605B1EC27E3F00E4A7E6 /* Rank.storyboard */,
				6A37605C1EC27E3F00E4A7E6 /* RankViewController.swift */,
				FE84EF671EFA14EF00EA5C47 /* SubRankViewController.swift */,
				FE84EF691EFA19CF00EA5C47 /* NormalRankViewController.swift */,
				FE84EF6B1EFA19E900EA5C47 /* WeekAllRankViewController.swift */,
				FE84EF631EF961DE00EA5C47 /* DetailRankViewController.swift */,
				FE84EF651EF961E800EA5C47 /* WeeklyRankViewController.swift */,
			);
			path = Controller;
			sourceTree = "<group>";
		};
		6A37605F1EC27E5E00E4A7E6 /* Controller */ = {
			isa = PBXGroup;
			children = (
				6A3760631EC27E6600E4A7E6 /* Discover.storyboard */,
				FE48D2C71EF7F8DF001240FA /* DiscoverViewController.swift */,
			);
			path = Controller;
			sourceTree = "<group>";
		};
		6A3760651EC27E7A00E4A7E6 /* Controller */ = {
			isa = PBXGroup;
			children = (
				6A3760691EC27E8300E4A7E6 /* Profile.storyboard */,
				FE2A08AE1EF7C96E00796072 /* ProfileViewController.swift */,
				FE48D2C31EF7EB14001240FA /* SettingViewController.swift */,
			);
			path = Controller;
			sourceTree = "<group>";
		};
		6A3EAF4E1EA6E58D0069F6E6 /* Base */ = {
			isa = PBXGroup;
			children = (
				FE2A08A11EF7B4F800796072 /* Controller */,
				6A3760211EC27CC300E4A7E6 /* Model */,
			);
			path = Base;
			sourceTree = "<group>";
		};
		6A3EAF531EA6E58D0069F6E6 /* Live */ = {
			isa = PBXGroup;
			children = (
				6A3760261EC27CEC00E4A7E6 /* Controller */,
				6AB9E9621ED46E290034F63B /* Model */,
				6AB9E9631ED46E290034F63B /* View */,
				6AB9E9641ED46E290034F63B /* ViewModel */,
			);
			path = Live;
			sourceTree = "<group>";
		};
		6A5C104A1E9E99540090446B = {
			isa = PBXGroup;
			children = (
				6A5C10551E9E99540090446B /* GYJTV */,
				6A5C106A1E9E99540090446B /* GYJTVTests */,
				6A5C10751E9E99540090446B /* GYJTVUITests */,
				6A5C10541E9E99540090446B /* Products */,
				50FEF127892831E71B388BAD /* Pods */,
				8CEFC255C71270BB557EB9CD /* Frameworks */,
			);
			sourceTree = "<group>";
		};
		6A5C10541E9E99540090446B /* Products */ = {
			isa = PBXGroup;
			children = (
				6A5C10531E9E99540090446B /* GYJTV.app */,
				6A5C10671E9E99540090446B /* GYJTVTests.xctest */,
				6A5C10721E9E99540090446B /* GYJTVUITests.xctest */,
			);
			name = Products;
			sourceTree = "<group>";
		};
		6A5C10551E9E99540090446B /* GYJTV */ = {
			isa = PBXGroup;
			children = (
				6A37601B1EC27B9600E4A7E6 /* Resource */,
				6A5C10841E9E99880090446B /* Classes */,
				6A5C10561E9E99540090446B /* AppDelegate.swift */,
				FE105FBF1EF37E1F00872A71 /* GYJTV-Bridging-Header.h */,
				6A5C105A1E9E99540090446B /* Main.storyboard */,
				6A5C105D1E9E99540090446B /* Assets.xcassets */,
				6A5C105F1E9E99540090446B /* LaunchScreen.storyboard */,
				6A5C10621E9E99540090446B /* Info.plist */,
			);
			path = GYJTV;
			sourceTree = "<group>";
		};
		6A5C106A1E9E99540090446B /* GYJTVTests */ = {
			isa = PBXGroup;
			children = (
				6A5C106B1E9E99540090446B /* GYJTVTests.swift */,
				6A5C106D1E9E99540090446B /* Info.plist */,
			);
			path = GYJTVTests;
			sourceTree = "<group>";
		};
		6A5C10751E9E99540090446B /* GYJTVUITests */ = {
			isa = PBXGroup;
			children = (
				6A5C10761E9E99540090446B /* GYJTVUITests.swift */,
				6A5C10781E9E99540090446B /* Info.plist */,
			);
			path = GYJTVUITests;
			sourceTree = "<group>";
		};
		6A5C10841E9E99880090446B /* Classes */ = {
			isa = PBXGroup;
			children = (
				6A6134B61F029CC600B1820D /* Living */,
				6A5C108B1E9E99880090446B /* Main */,
				6A37602E1EC27D3D00E4A7E6 /* Tool */,
				6A3EAF4E1EA6E58D0069F6E6 /* Base */,
				6A3EAF531EA6E58D0069F6E6 /* Live */,
				6A5C10881E9E99880090446B /* Home */,
				6A5C10911E9E99880090446B /* Rank */,
				6A5C10861E9E99880090446B /* Discover */,
				6A5C108F1E9E99880090446B /* Profile */,
			);
			path = Classes;
			sourceTree = "<group>";
		};
		6A5C10861E9E99880090446B /* Discover */ = {
			isa = PBXGroup;
			children = (
				FE48D2C91EF7FB23001240FA /* Model */,
				FE48D2CA1EF7FB23001240FA /* View */,
				FE48D2CB1EF7FB23001240FA /* ViewModel */,
				6A37605F1EC27E5E00E4A7E6 /* Controller */,
			);
			path = Discover;
			sourceTree = "<group>";
		};
		6A5C10881E9E99880090446B /* Home */ = {
			isa = PBXGroup;
			children = (
				6A3760411EC27E0300E4A7E6 /* Controller */,
				6A3760431EC27E0300E4A7E6 /* Model */,
				6A3760461EC27E0300E4A7E6 /* VIew */,
				6A3760491EC27E0300E4A7E6 /* VIewModel */,
			);
			path = Home;
			sourceTree = "<group>";
		};
		6A5C108B1E9E99880090446B /* Main */ = {
			isa = PBXGroup;
			children = (
				6A7CCD731EE44B540089447E /* TQJSocket */,
				6A7CCD661EE44AFA0089447E /* TQJPageView */,
				6A7E9F711EC4ABD400FB7925 /* Protocol */,
				6A3760331EC27D7100E4A7E6 /* Common */,
				6AED95261E9FBF6E00520537 /* Extension */,
				6A5C108C1E9E99880090446B /* Controller */,
			);
			path = Main;
			sourceTree = "<group>";
		};
		6A5C108C1E9E99880090446B /* Controller */ = {
			isa = PBXGroup;
			children = (
				6A5C108D1E9E99880090446B /* MainViewController.swift */,
				FE48D2C51EF7EEE9001240FA /* QJNavigationViewController.swift */,
				FE4C62B31EF91E8800BF60E0 /* WebViewController.swift */,
			);
			path = Controller;
			sourceTree = "<group>";
		};
		6A5C108F1E9E99880090446B /* Profile */ = {
			isa = PBXGroup;
			children = (
				FE2A08A41EF7B55B00796072 /* Model */,
				FE2A08A51EF7B55B00796072 /* View */,
				6A3760651EC27E7A00E4A7E6 /* Controller */,
			);
			path = Profile;
			sourceTree = "<group>";
		};
		6A5C10911E9E99880090446B /* Rank */ = {
			isa = PBXGroup;
			children = (
				FE84EF4E1EF94A7600EA5C47 /* Model */,
				FE84EF4F1EF94A7600EA5C47 /* View */,
				FE84EF501EF94A7600EA5C47 /* ViewModel */,
				6A3760571EC27E2B00E4A7E6 /* Controller */,
			);
			path = Rank;
			sourceTree = "<group>";
		};
		6A6134B61F029CC600B1820D /* Living */ = {
			isa = PBXGroup;
			children = (
				6A6134B71F029CC600B1820D /* Controller */,
			);
			path = Living;
			sourceTree = "<group>";
		};
		6A6134B71F029CC600B1820D /* Controller */ = {
			isa = PBXGroup;
			children = (
				6A6134B81F029CC600B1820D /* LivingViewController.swift */,
				6A6134B91F029CC600B1820D /* LivingViewController.xib */,
			);
			path = Controller;
			sourceTree = "<group>";
		};
		6A7CCD661EE44AFA0089447E /* TQJPageView */ = {
			isa = PBXGroup;
			children = (
				6A7CCD671EE44AFA0089447E /* TQJCollectionView.swift */,
				6A7CCD681EE44AFA0089447E /* TQJContentView.swift */,
				6A7CCD691EE44AFA0089447E /* TQJPageCollectionLayout.swift */,
				6A7CCD6A1EE44AFA0089447E /* TQJPageView.swift */,
				6A7CCD6B1EE44AFA0089447E /* TQJTitleStyle.swift */,
				6A7CCD6C1EE44AFA0089447E /* TQJTitleView.swift */,
			);
			path = TQJPageView;
			sourceTree = "<group>";
		};
		6A7CCD731EE44B540089447E /* TQJSocket */ = {
			isa = PBXGroup;
			children = (
				6A7CCD741EE44B540089447E /* Immessage.proto.swift */,
				6A7CCD831EE44BE60089447E /* QJSocket.swift */,
				6A7CCD751EE44B540089447E /* ysocket */,
			);
			path = TQJSocket;
			sourceTree = "<group>";
		};
		6A7CCD751EE44B540089447E /* ysocket */ = {
			isa = PBXGroup;
			children = (
				6A7CCD761EE44B540089447E /* ysocket.swift */,
				6A7CCD771EE44B540089447E /* ytcpsocket.c */,
				6A7CCD781EE44B540089447E /* ytcpsocket.swift */,
				6A7CCD791EE44B540089447E /* yudpsocket.c */,
				6A7CCD7A1EE44B540089447E /* yudpsocket.swift */,
			);
			path = ysocket;
			sourceTree = "<group>";
		};
		6A7E9F711EC4ABD400FB7925 /* Protocol */ = {
			isa = PBXGroup;
			children = (
				6A7E9F721EC4AEEE00FB7925 /* Emitterable.swift */,
				6AB9E95E1EC9FB110034F63B /* NibLoadable.swift */,
			);
			name = Protocol;
			sourceTree = "<group>";
		};
		6AB9E9621ED46E290034F63B /* Model */ = {
			isa = PBXGroup;
			children = (
				6AB9E9751ED709D40034F63B /* EmotionModel.swift */,
				6AB9E9761ED709D40034F63B /* EmotionPackages.swift */,
				6AB9E9771ED709D40034F63B /* GiftModel.swift */,
				6AB9E9781ED709D40034F63B /* GiftPackages.swift */,
				FE0A90AF1EE9330D0039491C /* GiftAnimationModel.swift */,
			);
			path = Model;
			sourceTree = "<group>";
		};
		6AB9E9631ED46E290034F63B /* View */ = {
			isa = PBXGroup;
			children = (
				FE8BC3AC1EE978D1001D436F /* MoreView */,
				FE8BC3A51EE96EB4001D436F /* SocialShareView */,
				FE0A90A41EE932990039491C /* GiftAnimation */,
				6AB9E9651ED46F250034F63B /* ChatContentVIew */,
				6AB9E9661ED46F250034F63B /* ChatView */,
				6AB9E9681ED46F250034F63B /* GiftView */,
			);
			path = View;
			sourceTree = "<group>";
		};
		6AB9E9641ED46E290034F63B /* ViewModel */ = {
			isa = PBXGroup;
			children = (
				6AB9E9891ED70A640034F63B /* EmotionViewModel.swift */,
				6AB9E98A1ED70A640034F63B /* GiftViewModel.swift */,
				6A6134B01F029C0D00B1820D /* RoomViewModel.swift */,
			);
			path = ViewModel;
			sourceTree = "<group>";
		};
		6AB9E9651ED46F250034F63B /* ChatContentVIew */ = {
			isa = PBXGroup;
			children = (
				6A7CCD851EE468C10089447E /* ChatContentView.swift */,
				6A7CCD871EE468CA0089447E /* ChatContentView.xib */,
				6A7CCD891EE4696A0089447E /* ChatContentCell.swift */,
			);
			path = ChatContentVIew;
			sourceTree = "<group>";
		};
		6AB9E9661ED46F250034F63B /* ChatView */ = {
			isa = PBXGroup;
			children = (
				6AB9E96B1ED46F470034F63B /* ChatToolsView.swift */,
				6AB9E96D1ED46F4E0034F63B /* ChatToolsView.xib */,
				6AB9E96F1ED5DC800034F63B /* EmotionView.swift */,
				6AB9E97D1ED709ED0034F63B /* EmoticonViewCell.swift */,
				6AB9E97E1ED709ED0034F63B /* EmoticonViewCell.xib */,
			);
			path = ChatView;
			sourceTree = "<group>";
		};
		6AB9E9681ED46F250034F63B /* GiftView */ = {
			isa = PBXGroup;
			children = (
				6AB9E9811ED709FE0034F63B /* GiftListView.swift */,
				6AB9E9821ED709FE0034F63B /* GiftListView.xib */,
				6AB9E9831ED709FE0034F63B /* GiftViewCell.swift */,
				6AB9E9841ED709FE0034F63B /* GiftViewCell.xib */,
			);
			path = GiftView;
			sourceTree = "<group>";
		};
		6AED95261E9FBF6E00520537 /* Extension */ = {
			isa = PBXGroup;
			children = (
				6A37603F1EC27DA200E4A7E6 /* NSDate-Extension.swift */,
				6AED95271E9FBF8300520537 /* UIColor+Extension.swift */,
				FE8BC3AA1EE96FC5001D436F /* TopImageButton.swift */,
				6A6134B41F029C8400B1820D /* String-Extension.swift */,
			);
			path = Extension;
			sourceTree = "<group>";
		};
		8CEFC255C71270BB557EB9CD /* Frameworks */ = {
			isa = PBXGroup;
			children = (
				6A6134A41F029A8900B1820D /* libz.tbd */,
				6A6134A21F029A8000B1820D /* libsqlite3.0.tbd */,
				C6FF30D59A8A637781823EB9 /* Pods_GYJTV.framework */,
			);
			name = Frameworks;
			sourceTree = "<group>";
		};
		FE0A90A41EE932990039491C /* GiftAnimation */ = {
			isa = PBXGroup;
			children = (
				FE0A90A51EE932990039491C /* GiftChannelView.swift */,
				FE0A90A61EE932990039491C /* GiftChannelView.xib */,
				FE0A90A71EE932990039491C /* GiftContentView.swift */,
				FE0A90A81EE932990039491C /* GiftDigitLabel.swift */,
			);
			path = GiftAnimation;
			sourceTree = "<group>";
		};
		FE2A08A11EF7B4F800796072 /* Controller */ = {
			isa = PBXGroup;
			children = (
				FE2A08A21EF7B50500796072 /* BaseProfileViewController.swift */,
			);
			path = Controller;
			sourceTree = "<group>";
		};
		FE2A08A41EF7B55B00796072 /* Model */ = {
			isa = PBXGroup;
			children = (
				FE2A08A61EF7B63D00796072 /* SettingItemModel.swift */,
				FE2A08AC1EF7C7FA00796072 /* SettingSectionModel.swift */,
			);
			path = Model;
			sourceTree = "<group>";
		};
		FE2A08A51EF7B55B00796072 /* View */ = {
			isa = PBXGroup;
			children = (
				FE2A08A81EF7B8F300796072 /* ProfileViewCell.swift */,
				FE2A08A91EF7B8F300796072 /* ProfileViewCell.xib */,
				FE2A08B01EF7D0C800796072 /* ProfileHeaderView.swift */,
				FE2A08B21EF7D0D000796072 /* ProfileHeaderView.xib */,
			);
			path = View;
			sourceTree = "<group>";
		};
		FE48D2C91EF7FB23001240FA /* Model */ = {
			isa = PBXGroup;
			children = (
				FE48D2D01EF7FD2A001240FA /* CourseModel.swift */,
			);
			path = Model;
			sourceTree = "<group>";
		};
		FE48D2CA1EF7FB23001240FA /* View */ = {
			isa = PBXGroup;
			children = (
				FE48D2CC1EF7FB4D001240FA /* DiscoverCollectionCell.swift */,
				FE48D2CD1EF7FB4D001240FA /* DiscoverCollectionCell.xib */,
				FE48D2D41EF80144001240FA /* CourseHeaderVIew.swift */,
				FE4C62AF1EF8D1E200BF60E0 /* DiscoverTableCell.swift */,
			);
			path = View;
			sourceTree = "<group>";
		};
		FE48D2CB1EF7FB23001240FA /* ViewModel */ = {
			isa = PBXGroup;
			children = (
				FE48D2D21EF7FE1F001240FA /* CourseViewModel.swift */,
				FE4C62B11EF8EFD800BF60E0 /* DiscoverViewModel.swift */,
			);
			path = ViewModel;
			sourceTree = "<group>";
		};
		FE84EF4E1EF94A7600EA5C47 /* Model */ = {
			isa = PBXGroup;
			children = (
				FE84EF511EF94A9A00EA5C47 /* RankType.swift */,
				FE84EF531EF94AF500EA5C47 /* RankModel.swift */,
				FE84EF551EF94B0900EA5C47 /* WeeklyModel.swift */,
			);
			path = Model;
			sourceTree = "<group>";
		};
		FE84EF4F1EF94A7600EA5C47 /* View */ = {
			isa = PBXGroup;
			children = (
				FE84EF571EF94C0800EA5C47 /* DetailRankTableCell.swift */,
				FE84EF581EF94C0800EA5C47 /* DetailRankTableCell.xib */,
				FE84EF5B1EF94C1900EA5C47 /* WeeklyRankTableCell.swift */,
				FE84EF5C1EF94C1900EA5C47 /* WeeklyRankTableCell.xib */,
			);
			path = View;
			sourceTree = "<group>";
		};
		FE84EF501EF94A7600EA5C47 /* ViewModel */ = {
			isa = PBXGroup;
			children = (
				FE84EF5F1EF9507200EA5C47 /* DetailRankViewModel.swift */,
				FE84EF611EF9508500EA5C47 /* WeeklyRankViewModel.swift */,
			);
			path = ViewModel;
			sourceTree = "<group>";
		};
		FE8BC3A51EE96EB4001D436F /* SocialShareView */ = {
			isa = PBXGroup;
			children = (
				FE8BC3A61EE96EC6001D436F /* SocialShareView.swift */,
				FE8BC3A81EE96ED1001D436F /* SocialShareView.xib */,
			);
			path = SocialShareView;
			sourceTree = "<group>";
		};
		FE8BC3AC1EE978D1001D436F /* MoreView */ = {
			isa = PBXGroup;
			children = (
				FE8BC3B11EE97B00001D436F /* MoreInfoView.swift */,
				FE8BC3AD1EE978D8001D436F /* MoreInfoView.xib */,
			);
			path = MoreView;
			sourceTree = "<group>";
		};
/* End PBXGroup section */

/* Begin PBXNativeTarget section */
		6A5C10521E9E99540090446B /* GYJTV */ = {
			isa = PBXNativeTarget;
			buildConfigurationList = 6A5C107B1E9E99540090446B /* Build configuration list for PBXNativeTarget "GYJTV" */;
			buildPhases = (
				0877223458C4B98F5D17213B /* [CP] Check Pods Manifest.lock */,
				6A5C104F1E9E99540090446B /* Sources */,
				6A5C10501E9E99540090446B /* Frameworks */,
				6A5C10511E9E99540090446B /* Resources */,
				65D34952A73665FA5B148507 /* [CP] Embed Pods Frameworks */,
				EF1E26F797F335EF83CBF096 /* [CP] Copy Pods Resources */,
			);
			buildRules = (
			);
			dependencies = (
			);
			name = GYJTV;
			productName = GYJTV;
			productReference = 6A5C10531E9E99540090446B /* GYJTV.app */;
			productType = "com.apple.product-type.application";
		};
		6A5C10661E9E99540090446B /* GYJTVTests */ = {
			isa = PBXNativeTarget;
			buildConfigurationList = 6A5C107E1E9E99540090446B /* Build configuration list for PBXNativeTarget "GYJTVTests" */;
			buildPhases = (
				6A5C10631E9E99540090446B /* Sources */,
				6A5C10641E9E99540090446B /* Frameworks */,
				6A5C10651E9E99540090446B /* Resources */,
			);
			buildRules = (
			);
			dependencies = (
				6A5C10691E9E99540090446B /* PBXTargetDependency */,
			);
			name = GYJTVTests;
			productName = GYJTVTests;
			productReference = 6A5C10671E9E99540090446B /* GYJTVTests.xctest */;
			productType = "com.apple.product-type.bundle.unit-test";
		};
		6A5C10711E9E99540090446B /* GYJTVUITests */ = {
			isa = PBXNativeTarget;
			buildConfigurationList = 6A5C10811E9E99540090446B /* Build configuration list for PBXNativeTarget "GYJTVUITests" */;
			buildPhases = (
				6A5C106E1E9E99540090446B /* Sources */,
				6A5C106F1E9E99540090446B /* Frameworks */,
				6A5C10701E9E99540090446B /* Resources */,
			);
			buildRules = (
			);
			dependencies = (
				6A5C10741E9E99540090446B /* PBXTargetDependency */,
			);
			name = GYJTVUITests;
			productName = GYJTVUITests;
			productReference = 6A5C10721E9E99540090446B /* GYJTVUITests.xctest */;
			productType = "com.apple.product-type.bundle.ui-testing";
		};
/* End PBXNativeTarget section */

/* Begin PBXProject section */
		6A5C104B1E9E99540090446B /* Project object */ = {
			isa = PBXProject;
			attributes = {
				LastSwiftUpdateCheck = 0800;
				LastUpgradeCheck = 0800;
				ORGANIZATIONNAME = Quanjun;
				TargetAttributes = {
					6A5C10521E9E99540090446B = {
						CreatedOnToolsVersion = 8.0;
						DevelopmentTeam = 39D8T9VWXG;
						ProvisioningStyle = Automatic;
					};
					6A5C10661E9E99540090446B = {
						CreatedOnToolsVersion = 8.0;
						ProvisioningStyle = Automatic;
						TestTargetID = 6A5C10521E9E99540090446B;
					};
					6A5C10711E9E99540090446B = {
						CreatedOnToolsVersion = 8.0;
						ProvisioningStyle = Automatic;
						TestTargetID = 6A5C10521E9E99540090446B;
					};
				};
			};
			buildConfigurationList = 6A5C104E1E9E99540090446B /* Build configuration list for PBXProject "GYJTV" */;
			compatibilityVersion = "Xcode 3.2";
			developmentRegion = English;
			hasScannedForEncodings = 0;
			knownRegions = (
				en,
				Base,
			);
			mainGroup = 6A5C104A1E9E99540090446B;
			productRefGroup = 6A5C10541E9E99540090446B /* Products */;
			projectDirPath = "";
			projectRoot = "";
			targets = (
				6A5C10521E9E99540090446B /* GYJTV */,
				6A5C10661E9E99540090446B /* GYJTVTests */,
				6A5C10711E9E99540090446B /* GYJTVUITests */,
			);
		};
/* End PBXProject section */

/* Begin PBXResourcesBuildPhase section */
		6A5C10511E9E99540090446B /* Resources */ = {
			isa = PBXResourcesBuildPhase;
			buildActionMask = 2147483647;
			files = (
				6AB9E96E1ED46F4E0034F63B /* ChatToolsView.xib in Resources */,
				6A6134AE1F029B6F00B1820D /* FocusTableCell.xib in Resources */,
				6AB9E9741ED708D90034F63B /* QHSohuGifSort.plist in Resources */,
				6A7CCD881EE468CA0089447E /* ChatContentView.xib in Resources */,
				FE2A08B31EF7D0D000796072 /* ProfileHeaderView.xib in Resources */,
				FE8BC3AE1EE978D8001D436F /* MoreInfoView.xib in Resources */,
				6A3760551EC27E1300E4A7E6 /* Home.storyboard in Resources */,
				FE2A08AB1EF7B8F300796072 /* ProfileViewCell.xib in Resources */,
				6A6134BB1F029CC600B1820D /* LivingViewController.xib in Resources */,
				FE0A90AB1EE932990039491C /* GiftChannelView.xib in Resources */,
				6A37602D1EC27CEC00E4A7E6 /* RoomViewController.xib in Resources */,
				6A37606A1EC27E8300E4A7E6 /* Profile.storyboard in Resources */,
				6A37605D1EC27E3F00E4A7E6 /* Rank.storyboard in Resources */,
				6AB9E9881ED709FE0034F63B /* GiftViewCell.xib in Resources */,
				6AB9E9861ED709FE0034F63B /* GiftListView.xib in Resources */,
				6A37601D1EC27B9600E4A7E6 /* types.plist in Resources */,
				6A5C10611E9E99540090446B /* LaunchScreen.storyboard in Resources */,
				6A3760501EC27E0300E4A7E6 /* HomeViewCell.xib in Resources */,
				6AB9E9731ED708D90034F63B /* QHNormalEmotionSort.plist in Resources */,
				6AB9E9801ED709ED0034F63B /* EmoticonViewCell.xib in Resources */,
				6A5C105E1E9E99540090446B /* Assets.xcassets in Resources */,
				6A5C105C1E9E99540090446B /* Main.storyboard in Resources */,
				6A3760641EC27E6600E4A7E6 /* Discover.storyboard in Resources */,
				FE8BC3A91EE96ED1001D436F /* SocialShareView.xib in Resources */,
				FE48D2CF1EF7FB4D001240FA /* DiscoverCollectionCell.xib in Resources */,
				FE84EF5A1EF94C0800EA5C47 /* DetailRankTableCell.xib in Resources */,
				FE84EF5E1EF94C1900EA5C47 /* WeeklyRankTableCell.xib in Resources */,
			);
			runOnlyForDeploymentPostprocessing = 0;
		};
		6A5C10651E9E99540090446B /* Resources */ = {
			isa = PBXResourcesBuildPhase;
			buildActionMask = 2147483647;
			files = (
			);
			runOnlyForDeploymentPostprocessing = 0;
		};
		6A5C10701E9E99540090446B /* Resources */ = {
			isa = PBXResourcesBuildPhase;
			buildActionMask = 2147483647;
			files = (
			);
			runOnlyForDeploymentPostprocessing = 0;
		};
/* End PBXResourcesBuildPhase section */

/* Begin PBXShellScriptBuildPhase section */
		0877223458C4B98F5D17213B /* [CP] Check Pods Manifest.lock */ = {
			isa = PBXShellScriptBuildPhase;
			buildActionMask = 2147483647;
			files = (
			);
			inputPaths = (
			);
			name = "[CP] Check Pods Manifest.lock";
			outputPaths = (
			);
			runOnlyForDeploymentPostprocessing = 0;
			shellPath = /bin/sh;
			shellScript = "diff \"${PODS_ROOT}/../Podfile.lock\" \"${PODS_ROOT}/Manifest.lock\" > /dev/null\nif [ $? != 0 ] ; then\n    # print error to STDERR\n    echo \"error: The sandbox is not in sync with the Podfile.lock. Run 'pod install' or update your CocoaPods installation.\" >&2\n    exit 1\nfi\n";
			showEnvVarsInLog = 0;
		};
		65D34952A73665FA5B148507 /* [CP] Embed Pods Frameworks */ = {
			isa = PBXShellScriptBuildPhase;
			buildActionMask = 2147483647;
			files = (
			);
			inputPaths = (
			);
			name = "[CP] Embed Pods Frameworks";
			outputPaths = (
			);
			runOnlyForDeploymentPostprocessing = 0;
			shellPath = /bin/sh;
			shellScript = "\"${SRCROOT}/Pods/Target Support Files/Pods-GYJTV/Pods-GYJTV-frameworks.sh\"\n";
			showEnvVarsInLog = 0;
		};
		EF1E26F797F335EF83CBF096 /* [CP] Copy Pods Resources */ = {
			isa = PBXShellScriptBuildPhase;
			buildActionMask = 2147483647;
			files = (
			);
			inputPaths = (
			);
			name = "[CP] Copy Pods Resources";
			outputPaths = (
			);
			runOnlyForDeploymentPostprocessing = 0;
			shellPath = /bin/sh;
			shellScript = "\"${SRCROOT}/Pods/Target Support Files/Pods-GYJTV/Pods-GYJTV-resources.sh\"\n";
			showEnvVarsInLog = 0;
		};
/* End PBXShellScriptBuildPhase section */

/* Begin PBXSourcesBuildPhase section */
		6A5C104F1E9E99540090446B /* Sources */ = {
			isa = PBXSourcesBuildPhase;
			buildActionMask = 2147483647;
			files = (
				6A7CCD7C1EE44B540089447E /* ysocket.swift in Sources */,
				FE48D2C41EF7EB14001240FA /* SettingViewController.swift in Sources */,
				FE48D2D31EF7FE1F001240FA /* CourseViewModel.swift in Sources */,
				FE4C62B01EF8D1E200BF60E0 /* DiscoverTableCell.swift in Sources */,
				FE2A08A31EF7B50500796072 /* BaseProfileViewController.swift in Sources */,
				6A6134A71F029B4800B1820D /* FocusViewController.swift in Sources */,
				6A7CCD6F1EE44AFA0089447E /* TQJPageCollectionLayout.swift in Sources */,
				FE2A08AA1EF7B8F300796072 /* ProfileViewCell.swift in Sources */,
				6A3760511EC27E0300E4A7E6 /* HomeViewModel.swift in Sources */,
				FE8BC3AB1EE96FC5001D436F /* TopImageButton.swift in Sources */,
				6A3760311EC27D3D00E4A7E6 /* KingfisherExtension.swift in Sources */,
				FE2A08B11EF7D0C800796072 /* ProfileHeaderView.swift in Sources */,
				6A6134B31F029C6700B1820D /* SqliteTools.swift in Sources */,
				6A3760321EC27D3D00E4A7E6 /* NetworkTools.swift in Sources */,
				FE2A08A71EF7B63D00796072 /* SettingItemModel.swift in Sources */,
				6A37604C1EC27E0300E4A7E6 /* AnchorViewController.swift in Sources */,
				6AB9E9701ED5DC800034F63B /* EmotionView.swift in Sources */,
				FE84EF6C1EFA19E900EA5C47 /* WeekAllRankViewController.swift in Sources */,
				6A6134B51F029C8400B1820D /* String-Extension.swift in Sources */,
				6AB9E96C1ED46F470034F63B /* ChatToolsView.swift in Sources */,
				FE48D2D11EF7FD2A001240FA /* CourseModel.swift in Sources */,
				FE84EF661EF961E800EA5C47 /* WeeklyRankViewController.swift in Sources */,
				FE2A08AF1EF7C96E00796072 /* ProfileViewController.swift in Sources */,
				6A3760561EC27E1300E4A7E6 /* HomeViewController.swift in Sources */,
				6A7CCD6D1EE44AFA0089447E /* TQJCollectionView.swift in Sources */,
				6A3760251EC27CC400E4A7E6 /* BaseModel.swift in Sources */,
				FE48D2CE1EF7FB4D001240FA /* DiscoverCollectionCell.swift in Sources */,
				FE84EF561EF94B0900EA5C47 /* WeeklyModel.swift in Sources */,
				6A5C10961E9E99880090446B /* MainViewController.swift in Sources */,
				6A7CCD861EE468C10089447E /* ChatContentView.swift in Sources */,
				FE0A90AC1EE932990039491C /* GiftContentView.swift in Sources */,
				6A6134A91F029B5C00B1820D /* FocusViewModel.swift in Sources */,
				6A3760521EC27E0300E4A7E6 /* WaterfallLayout.swift in Sources */,
				6A6134B11F029C0D00B1820D /* RoomViewModel.swift in Sources */,
				6A7CCD7D1EE44B540089447E /* ytcpsocket.c in Sources */,
				6AB9E97B1ED709D40034F63B /* GiftModel.swift in Sources */,
				FE84EF541EF94AF500EA5C47 /* RankModel.swift in Sources */,
				FE84EF591EF94C0800EA5C47 /* DetailRankTableCell.swift in Sources */,
				6A6134AD1F029B6F00B1820D /* FocusTableCell.swift in Sources */,
				6A37604E1EC27E0300E4A7E6 /* HomeType.swift in Sources */,
				6A7CCD841EE44BE60089447E /* QJSocket.swift in Sources */,
				6A7CCD7B1EE44B540089447E /* Immessage.proto.swift in Sources */,
				FE8BC3A71EE96EC6001D436F /* SocialShareView.swift in Sources */,
				6AB9E97A1ED709D40034F63B /* EmotionPackages.swift in Sources */,
				FE4C62B21EF8EFD800BF60E0 /* DiscoverViewModel.swift in Sources */,
				6AB9E97F1ED709ED0034F63B /* EmoticonViewCell.swift in Sources */,
				6A7CCD7F1EE44B540089447E /* yudpsocket.c in Sources */,
				6A7CCD801EE44B540089447E /* yudpsocket.swift in Sources */,
				FE4C62B41EF91E8800BF60E0 /* WebViewController.swift in Sources */,
				FE84EF5D1EF94C1900EA5C47 /* WeeklyRankTableCell.swift in Sources */,
				FE84EF641EF961DE00EA5C47 /* DetailRankViewController.swift in Sources */,
				6A7CCD721EE44AFA0089447E /* TQJTitleView.swift in Sources */,
				FE84EF6A1EFA19CF00EA5C47 /* NormalRankViewController.swift in Sources */,
				6A37605E1EC27E3F00E4A7E6 /* RankViewController.swift in Sources */,
				6A37604D1EC27E0300E4A7E6 /* AnchorModel.swift in Sources */,
				FE0A90AD1EE932990039491C /* GiftDigitLabel.swift in Sources */,
				FE8BC3B21EE97B00001D436F /* MoreInfoView.swift in Sources */,
				6AB9E9791ED709D40034F63B /* EmotionModel.swift in Sources */,
				6AED95281E9FBF8300520537 /* UIColor+Extension.swift in Sources */,
				FE84EF521EF94A9A00EA5C47 /* RankType.swift in Sources */,
				6A6134BA1F029CC600B1820D /* LivingViewController.swift in Sources */,
				FE48D2D51EF80144001240FA /* CourseHeaderVIew.swift in Sources */,
				FE84EF681EFA14EF00EA5C47 /* SubRankViewController.swift in Sources */,
				6A7CCD7E1EE44B540089447E /* ytcpsocket.swift in Sources */,
				FE84EF601EF9507200EA5C47 /* DetailRankViewModel.swift in Sources */,
				6AB9E98C1ED70A640034F63B /* GiftViewModel.swift in Sources */,
				6AB9E9851ED709FE0034F63B /* GiftListView.swift in Sources */,
				6A5C10571E9E99540090446B /* AppDelegate.swift in Sources */,
				6A6134AF1F029B6F00B1820D /* ShadeView.swift in Sources */,
				6AB9E97C1ED709D40034F63B /* GiftPackages.swift in Sources */,
				6A3760401EC27DA200E4A7E6 /* NSDate-Extension.swift in Sources */,
				6AB9E95F1EC9FB110034F63B /* NibLoadable.swift in Sources */,
				FE2A08AD1EF7C7FA00796072 /* SettingSectionModel.swift in Sources */,
				6AB9E98B1ED70A640034F63B /* EmotionViewModel.swift in Sources */,
				6A7CCDD11EE70BC40089447E /* AttributeStrGenerator.swift in Sources */,
				6A7CCD711EE44AFA0089447E /* TQJTitleStyle.swift in Sources */,
				FE0A90B01EE9330D0039491C /* GiftAnimationModel.swift in Sources */,
				6AB9E9871ED709FE0034F63B /* GiftViewCell.swift in Sources */,
				FE84EF621EF9508500EA5C47 /* WeeklyRankViewModel.swift in Sources */,
				6A7E9F751EC4BC0A00FB7925 /* RoomViewController.swift in Sources */,
				6A7E9F731EC4AEEE00FB7925 /* Emitterable.swift in Sources */,
				6A7CCD701EE44AFA0089447E /* TQJPageView.swift in Sources */,
				6A7CCD6E1EE44AFA0089447E /* TQJContentView.swift in Sources */,
				6A37603A1EC27D7100E4A7E6 /* Const.swift in Sources */,
				FE48D2C81EF7F8DF001240FA /* DiscoverViewController.swift in Sources */,
				FE48D2C61EF7EEE9001240FA /* QJNavigationViewController.swift in Sources */,
				6A37604F1EC27E0300E4A7E6 /* HomeViewCell.swift in Sources */,
				FE0A90AA1EE932990039491C /* GiftChannelView.swift in Sources */,
				6A7CCD8A1EE4696A0089447E /* ChatContentCell.swift in Sources */,
			);
			runOnlyForDeploymentPostprocessing = 0;
		};
		6A5C10631E9E99540090446B /* Sources */ = {
			isa = PBXSourcesBuildPhase;
			buildActionMask = 2147483647;
			files = (
				6A5C106C1E9E99540090446B /* GYJTVTests.swift in Sources */,
			);
			runOnlyForDeploymentPostprocessing = 0;
		};
		6A5C106E1E9E99540090446B /* Sources */ = {
			isa = PBXSourcesBuildPhase;
			buildActionMask = 2147483647;
			files = (
				6A5C10771E9E99540090446B /* GYJTVUITests.swift in Sources */,
			);
			runOnlyForDeploymentPostprocessing = 0;
		};
/* End PBXSourcesBuildPhase section */

/* Begin PBXTargetDependency section */
		6A5C10691E9E99540090446B /* PBXTargetDependency */ = {
			isa = PBXTargetDependency;
			target = 6A5C10521E9E99540090446B /* GYJTV */;
			targetProxy = 6A5C10681E9E99540090446B /* PBXContainerItemProxy */;
		};
		6A5C10741E9E99540090446B /* PBXTargetDependency */ = {
			isa = PBXTargetDependency;
			target = 6A5C10521E9E99540090446B /* GYJTV */;
			targetProxy = 6A5C10731E9E99540090446B /* PBXContainerItemProxy */;
		};
/* End PBXTargetDependency section */

/* Begin PBXVariantGroup section */
		6A5C105A1E9E99540090446B /* Main.storyboard */ = {
			isa = PBXVariantGroup;
			children = (
				6A5C105B1E9E99540090446B /* Base */,
			);
			name = Main.storyboard;
			sourceTree = "<group>";
		};
		6A5C105F1E9E99540090446B /* LaunchScreen.storyboard */ = {
			isa = PBXVariantGroup;
			children = (
				6A5C10601E9E99540090446B /* Base */,
			);
			name = LaunchScreen.storyboard;
			sourceTree = "<group>";
		};
/* End PBXVariantGroup section */

/* Begin XCBuildConfiguration section */
		6A5C10791E9E99540090446B /* Debug */ = {
			isa = XCBuildConfiguration;
			buildSettings = {
				ALWAYS_SEARCH_USER_PATHS = NO;
				CLANG_ANALYZER_NONNULL = YES;
				CLANG_CXX_LANGUAGE_STANDARD = "gnu++0x";
				CLANG_CXX_LIBRARY = "libc++";
				CLANG_ENABLE_MODULES = YES;
				CLANG_ENABLE_OBJC_ARC = YES;
				CLANG_WARN_BOOL_CONVERSION = YES;
				CLANG_WARN_CONSTANT_CONVERSION = YES;
				CLANG_WARN_DIRECT_OBJC_ISA_USAGE = YES_ERROR;
				CLANG_WARN_DOCUMENTATION_COMMENTS = YES;
				CLANG_WARN_EMPTY_BODY = YES;
				CLANG_WARN_ENUM_CONVERSION = YES;
				CLANG_WARN_INFINITE_RECURSION = YES;
				CLANG_WARN_INT_CONVERSION = YES;
				CLANG_WARN_OBJC_ROOT_CLASS = YES_ERROR;
				CLANG_WARN_SUSPICIOUS_MOVES = YES;
				CLANG_WARN_UNREACHABLE_CODE = YES;
				CLANG_WARN__DUPLICATE_METHOD_MATCH = YES;
				"CODE_SIGN_IDENTITY[sdk=iphoneos*]" = "iPhone Developer";
				COPY_PHASE_STRIP = NO;
				DEBUG_INFORMATION_FORMAT = dwarf;
				ENABLE_STRICT_OBJC_MSGSEND = YES;
				ENABLE_TESTABILITY = YES;
				GCC_C_LANGUAGE_STANDARD = gnu99;
				GCC_DYNAMIC_NO_PIC = NO;
				GCC_NO_COMMON_BLOCKS = YES;
				GCC_OPTIMIZATION_LEVEL = 0;
				GCC_PREPROCESSOR_DEFINITIONS = (
					"DEBUG=1",
					"$(inherited)",
				);
				GCC_WARN_64_TO_32_BIT_CONVERSION = YES;
				GCC_WARN_ABOUT_RETURN_TYPE = YES_ERROR;
				GCC_WARN_UNDECLARED_SELECTOR = YES;
				GCC_WARN_UNINITIALIZED_AUTOS = YES_AGGRESSIVE;
				GCC_WARN_UNUSED_FUNCTION = YES;
				GCC_WARN_UNUSED_VARIABLE = YES;
				IPHONEOS_DEPLOYMENT_TARGET = 10.0;
				MTL_ENABLE_DEBUG_INFO = YES;
				ONLY_ACTIVE_ARCH = YES;
				SDKROOT = iphoneos;
				SWIFT_ACTIVE_COMPILATION_CONDITIONS = DEBUG;
				SWIFT_OPTIMIZATION_LEVEL = "-Onone";
				TARGETED_DEVICE_FAMILY = "1,2";
			};
			name = Debug;
		};
		6A5C107A1E9E99540090446B /* Release */ = {
			isa = XCBuildConfiguration;
			buildSettings = {
				ALWAYS_SEARCH_USER_PATHS = NO;
				CLANG_ANALYZER_NONNULL = YES;
				CLANG_CXX_LANGUAGE_STANDARD = "gnu++0x";
				CLANG_CXX_LIBRARY = "libc++";
				CLANG_ENABLE_MODULES = YES;
				CLANG_ENABLE_OBJC_ARC = YES;
				CLANG_WARN_BOOL_CONVERSION = YES;
				CLANG_WARN_CONSTANT_CONVERSION = YES;
				CLANG_WARN_DIRECT_OBJC_ISA_USAGE = YES_ERROR;
				CLANG_WARN_DOCUMENTATION_COMMENTS = YES;
				CLANG_WARN_EMPTY_BODY = YES;
				CLANG_WARN_ENUM_CONVERSION = YES;
				CLANG_WARN_INFINITE_RECURSION = YES;
				CLANG_WARN_INT_CONVERSION = YES;
				CLANG_WARN_OBJC_ROOT_CLASS = YES_ERROR;
				CLANG_WARN_SUSPICIOUS_MOVES = YES;
				CLANG_WARN_UNREACHABLE_CODE = YES;
				CLANG_WARN__DUPLICATE_METHOD_MATCH = YES;
				"CODE_SIGN_IDENTITY[sdk=iphoneos*]" = "iPhone Developer";
				COPY_PHASE_STRIP = NO;
				DEBUG_INFORMATION_FORMAT = "dwarf-with-dsym";
				ENABLE_NS_ASSERTIONS = NO;
				ENABLE_STRICT_OBJC_MSGSEND = YES;
				GCC_C_LANGUAGE_STANDARD = gnu99;
				GCC_NO_COMMON_BLOCKS = YES;
				GCC_WARN_64_TO_32_BIT_CONVERSION = YES;
				GCC_WARN_ABOUT_RETURN_TYPE = YES_ERROR;
				GCC_WARN_UNDECLARED_SELECTOR = YES;
				GCC_WARN_UNINITIALIZED_AUTOS = YES_AGGRESSIVE;
				GCC_WARN_UNUSED_FUNCTION = YES;
				GCC_WARN_UNUSED_VARIABLE = YES;
				IPHONEOS_DEPLOYMENT_TARGET = 10.0;
				MTL_ENABLE_DEBUG_INFO = NO;
				SDKROOT = iphoneos;
				SWIFT_OPTIMIZATION_LEVEL = "-Owholemodule";
				TARGETED_DEVICE_FAMILY = "1,2";
				VALIDATE_PRODUCT = YES;
			};
			name = Release;
		};
		6A5C107C1E9E99540090446B /* Debug */ = {
			isa = XCBuildConfiguration;
			baseConfigurationReference = 560A16FA17B732A4BDDC2DD8 /* Pods-GYJTV.debug.xcconfig */;
			buildSettings = {
				ASSETCATALOG_COMPILER_APPICON_NAME = AppIcon;
				ASSETCATALOG_COMPILER_LAUNCHIMAGE_NAME = LaunchImage;
				CODE_SIGN_IDENTITY = "iPhone Developer";
				DEVELOPMENT_TEAM = 39D8T9VWXG;
				INFOPLIST_FILE = GYJTV/Info.plist;
				IPHONEOS_DEPLOYMENT_TARGET = 9.1;
				LD_RUNPATH_SEARCH_PATHS = "$(inherited) @executable_path/Frameworks";
				PRODUCT_BUNDLE_IDENTIFIER = com.quanjun.www.GYJTV;
				PRODUCT_NAME = "$(TARGET_NAME)";
				SWIFT_OBJC_BRIDGING_HEADER = "GYJTV/GYJTV-Bridging-Header.h";
				SWIFT_VERSION = 3.0;
				TARGETED_DEVICE_FAMILY = 1;
				USER_HEADER_SEARCH_PATHS = "${SRCROOT}/**";
			};
			name = Debug;
		};
		6A5C107D1E9E99540090446B /* Release */ = {
			isa = XCBuildConfiguration;
			baseConfigurationReference = C746CA53112EF146A438C182 /* Pods-GYJTV.release.xcconfig */;
			buildSettings = {
				ASSETCATALOG_COMPILER_APPICON_NAME = AppIcon;
				ASSETCATALOG_COMPILER_LAUNCHIMAGE_NAME = LaunchImage;
				CODE_SIGN_IDENTITY = "iPhone Developer";
				DEVELOPMENT_TEAM = 39D8T9VWXG;
				INFOPLIST_FILE = GYJTV/Info.plist;
				IPHONEOS_DEPLOYMENT_TARGET = 9.1;
				LD_RUNPATH_SEARCH_PATHS = "$(inherited) @executable_path/Frameworks";
				PRODUCT_BUNDLE_IDENTIFIER = com.quanjun.www.GYJTV;
				PRODUCT_NAME = "$(TARGET_NAME)";
				SWIFT_OBJC_BRIDGING_HEADER = "GYJTV/GYJTV-Bridging-Header.h";
				SWIFT_VERSION = 3.0;
				TARGETED_DEVICE_FAMILY = 1;
				USER_HEADER_SEARCH_PATHS = "${SRCROOT}/**";
			};
			name = Release;
		};
		6A5C107F1E9E99540090446B /* Debug */ = {
			isa = XCBuildConfiguration;
			buildSettings = {
				ALWAYS_EMBED_SWIFT_STANDARD_LIBRARIES = YES;
				BUNDLE_LOADER = "$(TEST_HOST)";
				INFOPLIST_FILE = GYJTVTests/Info.plist;
				LD_RUNPATH_SEARCH_PATHS = "$(inherited) @executable_path/Frameworks @loader_path/Frameworks";
				PRODUCT_BUNDLE_IDENTIFIER = com.quanjun.www.GYJTVTests;
				PRODUCT_NAME = "$(TARGET_NAME)";
				SWIFT_VERSION = 3.0;
				TEST_HOST = "$(BUILT_PRODUCTS_DIR)/GYJTV.app/GYJTV";
			};
			name = Debug;
		};
		6A5C10801E9E99540090446B /* Release */ = {
			isa = XCBuildConfiguration;
			buildSettings = {
				ALWAYS_EMBED_SWIFT_STANDARD_LIBRARIES = YES;
				BUNDLE_LOADER = "$(TEST_HOST)";
				INFOPLIST_FILE = GYJTVTests/Info.plist;
				LD_RUNPATH_SEARCH_PATHS = "$(inherited) @executable_path/Frameworks @loader_path/Frameworks";
				PRODUCT_BUNDLE_IDENTIFIER = com.quanjun.www.GYJTVTests;
				PRODUCT_NAME = "$(TARGET_NAME)";
				SWIFT_VERSION = 3.0;
				TEST_HOST = "$(BUILT_PRODUCTS_DIR)/GYJTV.app/GYJTV";
			};
			name = Release;
		};
		6A5C10821E9E99540090446B /* Debug */ = {
			isa = XCBuildConfiguration;
			buildSettings = {
				ALWAYS_EMBED_SWIFT_STANDARD_LIBRARIES = YES;
				INFOPLIST_FILE = GYJTVUITests/Info.plist;
				LD_RUNPATH_SEARCH_PATHS = "$(inherited) @executable_path/Frameworks @loader_path/Frameworks";
				PRODUCT_BUNDLE_IDENTIFIER = com.quanjun.www.GYJTVUITests;
				PRODUCT_NAME = "$(TARGET_NAME)";
				SWIFT_VERSION = 3.0;
				TEST_TARGET_NAME = GYJTV;
			};
			name = Debug;
		};
		6A5C10831E9E99540090446B /* Release */ = {
			isa = XCBuildConfiguration;
			buildSettings = {
				ALWAYS_EMBED_SWIFT_STANDARD_LIBRARIES = YES;
				INFOPLIST_FILE = GYJTVUITests/Info.plist;
				LD_RUNPATH_SEARCH_PATHS = "$(inherited) @executable_path/Frameworks @loader_path/Frameworks";
				PRODUCT_BUNDLE_IDENTIFIER = com.quanjun.www.GYJTVUITests;
				PRODUCT_NAME = "$(TARGET_NAME)";
				SWIFT_VERSION = 3.0;
				TEST_TARGET_NAME = GYJTV;
			};
			name = Release;
		};
/* End XCBuildConfiguration section */

/* Begin XCConfigurationList section */
		6A5C104E1E9E99540090446B /* Build configuration list for PBXProject "GYJTV" */ = {
			isa = XCConfigurationList;
			buildConfigurations = (
				6A5C10791E9E99540090446B /* Debug */,
				6A5C107A1E9E99540090446B /* Release */,
			);
			defaultConfigurationIsVisible = 0;
			defaultConfigurationName = Release;
		};
		6A5C107B1E9E99540090446B /* Build configuration list for PBXNativeTarget "GYJTV" */ = {
			isa = XCConfigurationList;
			buildConfigurations = (
				6A5C107C1E9E99540090446B /* Debug */,
				6A5C107D1E9E99540090446B /* Release */,
			);
			defaultConfigurationIsVisible = 0;
			defaultConfigurationName = Release;
		};
		6A5C107E1E9E99540090446B /* Build configuration list for PBXNativeTarget "GYJTVTests" */ = {
			isa = XCConfigurationList;
			buildConfigurations = (
				6A5C107F1E9E99540090446B /* Debug */,
				6A5C10801E9E99540090446B /* Release */,
			);
			defaultConfigurationIsVisible = 0;
			defaultConfigurationName = Release;
		};
		6A5C10811E9E99540090446B /* Build configuration list for PBXNativeTarget "GYJTVUITests" */ = {
			isa = XCConfigurationList;
			buildConfigurations = (
				6A5C10821E9E99540090446B /* Debug */,
				6A5C10831E9E99540090446B /* Release */,
			);
			defaultConfigurationIsVisible = 0;
			defaultConfigurationName = Release;
		};
/* End XCConfigurationList section */
	};
	rootObject = 6A5C104B1E9E99540090446B /* Project object */;
}
